// !$*UTF8*$!
{
	archiveVersion = 1;
	classes = {
	};
	objectVersion = 48;
	objects = {

/* Begin PBXBuildFile section */
		CBB6351A205EA81E00340E97 /* PlatformTests.swift in Sources */ = {isa = PBXBuildFile; fileRef = CBB63519205EA81E00340E97 /* PlatformTests.swift */; };
		CBB63523205EA85100340E97 /* Platform.swift in Sources */ = {isa = PBXBuildFile; fileRef = CBB63522205EA85100340E97 /* Platform.swift */; };
		CBB63525205EA86000340E97 /* PlatformTestsSupport.swift in Sources */ = {isa = PBXBuildFile; fileRef = CBB63524205EA86000340E97 /* PlatformTestsSupport.swift */; };
		CBB63526205EA9B100340E97 /* libPlatformTestsSupport.a in Frameworks */ = {isa = PBXBuildFile; fileRef = CBB6350A205EA80B00340E97 /* libPlatformTestsSupport.a */; };
		CBB63527205EAA8800340E97 /* libPlatform.a in Frameworks */ = {isa = PBXBuildFile; fileRef = CBB634FA205EA7CB00340E97 /* libPlatform.a */; };
/* End PBXBuildFile section */

/* Begin PBXCopyFilesBuildPhase section */
		CBB634F8205EA7CB00340E97 /* CopyFiles */ = {
			isa = PBXCopyFilesBuildPhase;
			buildActionMask = 2147483647;
			dstPath = "include/$(PRODUCT_NAME)";
			dstSubfolderSpec = 16;
			files = (
			);
			runOnlyForDeploymentPostprocessing = 0;
		};
		CBB63508205EA80B00340E97 /* CopyFiles */ = {
			isa = PBXCopyFilesBuildPhase;
			buildActionMask = 2147483647;
			dstPath = "include/$(PRODUCT_NAME)";
			dstSubfolderSpec = 16;
			files = (
			);
			runOnlyForDeploymentPostprocessing = 0;
		};
/* End PBXCopyFilesBuildPhase section */

/* Begin PBXFileReference section */
		15F1A4DC38720BDC7C39299A /* Pods-PlatformTestsSupport.release.xcconfig */ = {isa = PBXFileReference; includeInIndex = 1; lastKnownFileType = text.xcconfig; name = "Pods-PlatformTestsSupport.release.xcconfig"; path = "../Pods/Target Support Files/Pods-PlatformTestsSupport/Pods-PlatformTestsSupport.release.xcconfig"; sourceTree = "<group>"; };
		2993D842015CE64A78779A8A /* libPods-Platform.a */ = {isa = PBXFileReference; explicitFileType = archive.ar; includeInIndex = 0; path = "libPods-Platform.a"; sourceTree = BUILT_PRODUCTS_DIR; };
		31C3C04FDAF1E1EB7442E809 /* libPods-PlatformTests.a */ = {isa = PBXFileReference; explicitFileType = archive.ar; includeInIndex = 0; path = "libPods-PlatformTests.a"; sourceTree = BUILT_PRODUCTS_DIR; };
		3FC81E808766D496FF8182D1 /* Pods-Platform.release.xcconfig */ = {isa = PBXFileReference; includeInIndex = 1; lastKnownFileType = text.xcconfig; name = "Pods-Platform.release.xcconfig"; path = "../Pods/Target Support Files/Pods-Platform/Pods-Platform.release.xcconfig"; sourceTree = "<group>"; };
		54A819BFEDAB6D211DD494AF /* libPods-PlatformTestsSupport.a */ = {isa = PBXFileReference; explicitFileType = archive.ar; includeInIndex = 0; path = "libPods-PlatformTestsSupport.a"; sourceTree = BUILT_PRODUCTS_DIR; };
		6EE055F28BD9833738BB81CA /* Pods-PlatformTests.release.xcconfig */ = {isa = PBXFileReference; includeInIndex = 1; lastKnownFileType = text.xcconfig; name = "Pods-PlatformTests.release.xcconfig"; path = "../Pods/Target Support Files/Pods-PlatformTests/Pods-PlatformTests.release.xcconfig"; sourceTree = "<group>"; };
		95E692CFC7ABF440BC94B041 /* Pods-PlatformTestsSupport.debug.xcconfig */ = {isa = PBXFileReference; includeInIndex = 1; lastKnownFileType = text.xcconfig; name = "Pods-PlatformTestsSupport.debug.xcconfig"; path = "../Pods/Target Support Files/Pods-PlatformTestsSupport/Pods-PlatformTestsSupport.debug.xcconfig"; sourceTree = "<group>"; };
		CBB634FA205EA7CB00340E97 /* libPlatform.a */ = {isa = PBXFileReference; explicitFileType = archive.ar; includeInIndex = 0; path = libPlatform.a; sourceTree = BUILT_PRODUCTS_DIR; };
		CBB6350A205EA80B00340E97 /* libPlatformTestsSupport.a */ = {isa = PBXFileReference; explicitFileType = archive.ar; includeInIndex = 0; path = libPlatformTestsSupport.a; sourceTree = BUILT_PRODUCTS_DIR; };
		CBB63517205EA81E00340E97 /* PlatformTests.xctest */ = {isa = PBXFileReference; explicitFileType = wrapper.cfbundle; includeInIndex = 0; path = PlatformTests.xctest; sourceTree = BUILT_PRODUCTS_DIR; };
		CBB63519205EA81E00340E97 /* PlatformTests.swift */ = {isa = PBXFileReference; lastKnownFileType = sourcecode.swift; path = PlatformTests.swift; sourceTree = "<group>"; };
		CBB6351B205EA81E00340E97 /* Info.plist */ = {isa = PBXFileReference; lastKnownFileType = text.plist.xml; path = Info.plist; sourceTree = "<group>"; };
		CBB63522205EA85100340E97 /* Platform.swift */ = {isa = PBXFileReference; lastKnownFileType = sourcecode.swift; path = Platform.swift; sourceTree = "<group>"; };
		CBB63524205EA86000340E97 /* PlatformTestsSupport.swift */ = {isa = PBXFileReference; lastKnownFileType = sourcecode.swift; path = PlatformTestsSupport.swift; sourceTree = "<group>"; };
		D2483B25C81EC0314C1305F7 /* Pods-PlatformTests.debug.xcconfig */ = {isa = PBXFileReference; includeInIndex = 1; lastKnownFileType = text.xcconfig; name = "Pods-PlatformTests.debug.xcconfig"; path = "../Pods/Target Support Files/Pods-PlatformTests/Pods-PlatformTests.debug.xcconfig"; sourceTree = "<group>"; };
		F0129ECE48B3056FBB1A1E20 /* Pods-Platform.debug.xcconfig */ = {isa = PBXFileReference; includeInIndex = 1; lastKnownFileType = text.xcconfig; name = "Pods-Platform.debug.xcconfig"; path = "../Pods/Target Support Files/Pods-Platform/Pods-Platform.debug.xcconfig"; sourceTree = "<group>"; };
/* End PBXFileReference section */

/* Begin PBXFrameworksBuildPhase section */
		CBB634F7205EA7CB00340E97 /* Frameworks */ = {
			isa = PBXFrameworksBuildPhase;
			buildActionMask = 2147483647;
			files = (
			);
			runOnlyForDeploymentPostprocessing = 0;
		};
		CBB63507205EA80B00340E97 /* Frameworks */ = {
			isa = PBXFrameworksBuildPhase;
			buildActionMask = 2147483647;
			files = (
				CBB63527205EAA8800340E97 /* libPlatform.a in Frameworks */,
			);
			runOnlyForDeploymentPostprocessing = 0;
		};
		CBB63514205EA81E00340E97 /* Frameworks */ = {
			isa = PBXFrameworksBuildPhase;
			buildActionMask = 2147483647;
			files = (
				CBB63526205EA9B100340E97 /* libPlatformTestsSupport.a in Frameworks */,
			);
			runOnlyForDeploymentPostprocessing = 0;
		};
/* End PBXFrameworksBuildPhase section */

/* Begin PBXGroup section */
		CBB634F1205EA7CB00340E97 = {
			isa = PBXGroup;
			children = (
				CBB634FC205EA7CB00340E97 /* Sources */,
				CBB6350B205EA80B00340E97 /* TestsSupport */,
				CBB63518205EA81E00340E97 /* Tests */,
				CBB634FB205EA7CB00340E97 /* Products */,
				E4AF9E08F54DC36920657459 /* Pods */,
				EA3BD4B5F58ED2BF91B8107B /* Frameworks */,
			);
			sourceTree = "<group>";
		};
		CBB634FB205EA7CB00340E97 /* Products */ = {
			isa = PBXGroup;
			children = (
				CBB634FA205EA7CB00340E97 /* libPlatform.a */,
				CBB6350A205EA80B00340E97 /* libPlatformTestsSupport.a */,
				CBB63517205EA81E00340E97 /* PlatformTests.xctest */,
			);
			name = Products;
			sourceTree = "<group>";
		};
		CBB634FC205EA7CB00340E97 /* Sources */ = {
			isa = PBXGroup;
			children = (
				CBB63522205EA85100340E97 /* Platform.swift */,
			);
			path = Sources;
			sourceTree = "<group>";
		};
		CBB6350B205EA80B00340E97 /* TestsSupport */ = {
			isa = PBXGroup;
			children = (
				CBB63524205EA86000340E97 /* PlatformTestsSupport.swift */,
			);
			path = TestsSupport;
			sourceTree = "<group>";
		};
		CBB63518205EA81E00340E97 /* Tests */ = {
			isa = PBXGroup;
			children = (
				CBB63519205EA81E00340E97 /* PlatformTests.swift */,
				CBB6351B205EA81E00340E97 /* Info.plist */,
			);
			path = Tests;
			sourceTree = "<group>";
		};
		E4AF9E08F54DC36920657459 /* Pods */ = {
			isa = PBXGroup;
			children = (
				F0129ECE48B3056FBB1A1E20 /* Pods-Platform.debug.xcconfig */,
				3FC81E808766D496FF8182D1 /* Pods-Platform.release.xcconfig */,
				D2483B25C81EC0314C1305F7 /* Pods-PlatformTests.debug.xcconfig */,
				6EE055F28BD9833738BB81CA /* Pods-PlatformTests.release.xcconfig */,
				95E692CFC7ABF440BC94B041 /* Pods-PlatformTestsSupport.debug.xcconfig */,
				15F1A4DC38720BDC7C39299A /* Pods-PlatformTestsSupport.release.xcconfig */,
			);
			name = Pods;
			sourceTree = "<group>";
		};
		EA3BD4B5F58ED2BF91B8107B /* Frameworks */ = {
			isa = PBXGroup;
			children = (
				2993D842015CE64A78779A8A /* libPods-Platform.a */,
				31C3C04FDAF1E1EB7442E809 /* libPods-PlatformTests.a */,
				54A819BFEDAB6D211DD494AF /* libPods-PlatformTestsSupport.a */,
			);
			name = Frameworks;
			sourceTree = "<group>";
		};
/* End PBXGroup section */

/* Begin PBXNativeTarget section */
		CBB634F9205EA7CB00340E97 /* Platform */ = {
			isa = PBXNativeTarget;
			buildConfigurationList = CBB63503205EA7CB00340E97 /* Build configuration list for PBXNativeTarget "Platform" */;
			buildPhases = (
				CBB634F6205EA7CB00340E97 /* Sources */,
				CBB634F7205EA7CB00340E97 /* Frameworks */,
				CBB634F8205EA7CB00340E97 /* CopyFiles */,
			);
			buildRules = (
			);
			dependencies = (
			);
			name = Platform;
			productName = Platform;
			productReference = CBB634FA205EA7CB00340E97 /* libPlatform.a */;
			productType = "com.apple.product-type.library.static";
		};
		CBB63509205EA80B00340E97 /* PlatformTestsSupport */ = {
			isa = PBXNativeTarget;
			buildConfigurationList = CBB63512205EA80B00340E97 /* Build configuration list for PBXNativeTarget "PlatformTestsSupport" */;
			buildPhases = (
				CBB63506205EA80B00340E97 /* Sources */,
				CBB63507205EA80B00340E97 /* Frameworks */,
				CBB63508205EA80B00340E97 /* CopyFiles */,
			);
			buildRules = (
			);
			dependencies = (
			);
			name = PlatformTestsSupport;
			productName = PlatformTestsSupport;
			productReference = CBB6350A205EA80B00340E97 /* libPlatformTestsSupport.a */;
			productType = "com.apple.product-type.library.static";
		};
		CBB63516205EA81E00340E97 /* PlatformTests */ = {
			isa = PBXNativeTarget;
			buildConfigurationList = CBB6351F205EA81E00340E97 /* Build configuration list for PBXNativeTarget "PlatformTests" */;
			buildPhases = (
				CBB63513205EA81E00340E97 /* Sources */,
				CBB63514205EA81E00340E97 /* Frameworks */,
				CBB63515205EA81E00340E97 /* Resources */,
			);
			buildRules = (
			);
			dependencies = (
			);
			name = PlatformTests;
			productName = PlatformTests;
			productReference = CBB63517205EA81E00340E97 /* PlatformTests.xctest */;
			productType = "com.apple.product-type.bundle.unit-test";
		};
/* End PBXNativeTarget section */

/* Begin PBXProject section */
		CBB634F2205EA7CB00340E97 /* Project object */ = {
			isa = PBXProject;
			attributes = {
				LastSwiftUpdateCheck = 0920;
				LastUpgradeCheck = 0920;
				ORGANIZATIONNAME = "Bohdan Orlov";
				TargetAttributes = {
					CBB634F9205EA7CB00340E97 = {
						CreatedOnToolsVersion = 9.2;
						LastSwiftMigration = 0920;
						ProvisioningStyle = Automatic;
					};
					CBB63509205EA80B00340E97 = {
						CreatedOnToolsVersion = 9.2;
						LastSwiftMigration = 0920;
						ProvisioningStyle = Automatic;
					};
					CBB63516205EA81E00340E97 = {
						CreatedOnToolsVersion = 9.2;
						ProvisioningStyle = Automatic;
					};
				};
			};
			buildConfigurationList = CBB634F5205EA7CB00340E97 /* Build configuration list for PBXProject "Platform" */;
			compatibilityVersion = "Xcode 8.0";
			developmentRegion = en;
			hasScannedForEncodings = 0;
			knownRegions = (
				en,
			);
			mainGroup = CBB634F1205EA7CB00340E97;
			productRefGroup = CBB634FB205EA7CB00340E97 /* Products */;
			projectDirPath = "";
			projectRoot = "";
			targets = (
				CBB634F9205EA7CB00340E97 /* Platform */,
				CBB63509205EA80B00340E97 /* PlatformTestsSupport */,
				CBB63516205EA81E00340E97 /* PlatformTests */,
			);
		};
/* End PBXProject section */

/* Begin PBXResourcesBuildPhase section */
		CBB63515205EA81E00340E97 /* Resources */ = {
			isa = PBXResourcesBuildPhase;
			buildActionMask = 2147483647;
			files = (
			);
			runOnlyForDeploymentPostprocessing = 0;
		};
/* End PBXResourcesBuildPhase section */

/* Begin PBXSourcesBuildPhase section */
		CBB634F6205EA7CB00340E97 /* Sources */ = {
			isa = PBXSourcesBuildPhase;
			buildActionMask = 2147483647;
			files = (
				CBB63523205EA85100340E97 /* Platform.swift in Sources */,
			);
			runOnlyForDeploymentPostprocessing = 0;
		};
		CBB63506205EA80B00340E97 /* Sources */ = {
			isa = PBXSourcesBuildPhase;
			buildActionMask = 2147483647;
			files = (
				CBB63525205EA86000340E97 /* PlatformTestsSupport.swift in Sources */,
			);
			runOnlyForDeploymentPostprocessing = 0;
		};
		CBB63513205EA81E00340E97 /* Sources */ = {
			isa = PBXSourcesBuildPhase;
			buildActionMask = 2147483647;
			files = (
				CBB6351A205EA81E00340E97 /* PlatformTests.swift in Sources */,
			);
			runOnlyForDeploymentPostprocessing = 0;
		};
/* End PBXSourcesBuildPhase section */

/* Begin XCBuildConfiguration section */
		CBB63501205EA7CB00340E97 /* Debug */ = {
			isa = XCBuildConfiguration;
			buildSettings = {
				ALWAYS_SEARCH_USER_PATHS = NO;
				CLANG_ANALYZER_NONNULL = YES;
				CLANG_ANALYZER_NUMBER_OBJECT_CONVERSION = YES_AGGRESSIVE;
				CLANG_CXX_LANGUAGE_STANDARD = "gnu++14";
				CLANG_CXX_LIBRARY = "libc++";
				CLANG_ENABLE_MODULES = YES;
				CLANG_ENABLE_OBJC_ARC = YES;
				CLANG_WARN_BLOCK_CAPTURE_AUTORELEASING = YES;
				CLANG_WARN_BOOL_CONVERSION = YES;
				CLANG_WARN_COMMA = YES;
				CLANG_WARN_CONSTANT_CONVERSION = YES;
				CLANG_WARN_DIRECT_OBJC_ISA_USAGE = YES_ERROR;
				CLANG_WARN_DOCUMENTATION_COMMENTS = YES;
				CLANG_WARN_EMPTY_BODY = YES;
				CLANG_WARN_ENUM_CONVERSION = YES;
				CLANG_WARN_INFINITE_RECURSION = YES;
				CLANG_WARN_INT_CONVERSION = YES;
				CLANG_WARN_NON_LITERAL_NULL_CONVERSION = YES;
				CLANG_WARN_OBJC_LITERAL_CONVERSION = YES;
				CLANG_WARN_OBJC_ROOT_CLASS = YES_ERROR;
				CLANG_WARN_RANGE_LOOP_ANALYSIS = YES;
				CLANG_WARN_STRICT_PROTOTYPES = YES;
				CLANG_WARN_SUSPICIOUS_MOVE = YES;
				CLANG_WARN_UNGUARDED_AVAILABILITY = YES_AGGRESSIVE;
				CLANG_WARN_UNREACHABLE_CODE = YES;
				CLANG_WARN__DUPLICATE_METHOD_MATCH = YES;
				CODE_SIGN_IDENTITY = "iPhone Developer";
				COPY_PHASE_STRIP = NO;
				DEBUG_INFORMATION_FORMAT = dwarf;
				ENABLE_STRICT_OBJC_MSGSEND = YES;
				ENABLE_TESTABILITY = YES;
				GCC_C_LANGUAGE_STANDARD = gnu11;
				GCC_DYNAMIC_NO_PIC = NO;
				GCC_NO_COMMON_BLOCKS = YES;
				GCC_OPTIMIZATION_LEVEL = 0;
				GCC_PREPROCESSOR_DEFINITIONS = (
					"DEBUG=1",
					"$(inherited)",
				);
				GCC_WARN_64_TO_32_BIT_CONVERSION = YES;
				GCC_WARN_ABOUT_RETURN_TYPE = YES_ERROR;
				GCC_WARN_UNDECLARED_SELECTOR = YES;
				GCC_WARN_UNINITIALIZED_AUTOS = YES_AGGRESSIVE;
				GCC_WARN_UNUSED_FUNCTION = YES;
				GCC_WARN_UNUSED_VARIABLE = YES;
				IPHONEOS_DEPLOYMENT_TARGET = 11.2;
				MTL_ENABLE_DEBUG_INFO = YES;
				ONLY_ACTIVE_ARCH = YES;
				SDKROOT = iphoneos;
			};
			name = Debug;
		};
		CBB63502205EA7CB00340E97 /* Release */ = {
			isa = XCBuildConfiguration;
			buildSettings = {
				ALWAYS_SEARCH_USER_PATHS = NO;
				CLANG_ANALYZER_NONNULL = YES;
				CLANG_ANALYZER_NUMBER_OBJECT_CONVERSION = YES_AGGRESSIVE;
				CLANG_CXX_LANGUAGE_STANDARD = "gnu++14";
				CLANG_CXX_LIBRARY = "libc++";
				CLANG_ENABLE_MODULES = YES;
				CLANG_ENABLE_OBJC_ARC = YES;
				CLANG_WARN_BLOCK_CAPTURE_AUTORELEASING = YES;
				CLANG_WARN_BOOL_CONVERSION = YES;
				CLANG_WARN_COMMA = YES;
				CLANG_WARN_CONSTANT_CONVERSION = YES;
				CLANG_WARN_DIRECT_OBJC_ISA_USAGE = YES_ERROR;
				CLANG_WARN_DOCUMENTATION_COMMENTS = YES;
				CLANG_WARN_EMPTY_BODY = YES;
				CLANG_WARN_ENUM_CONVERSION = YES;
				CLANG_WARN_INFINITE_RECURSION = YES;
				CLANG_WARN_INT_CONVERSION = YES;
				CLANG_WARN_NON_LITERAL_NULL_CONVERSION = YES;
				CLANG_WARN_OBJC_LITERAL_CONVERSION = YES;
				CLANG_WARN_OBJC_ROOT_CLASS = YES_ERROR;
				CLANG_WARN_RANGE_LOOP_ANALYSIS = YES;
				CLANG_WARN_STRICT_PROTOTYPES = YES;
				CLANG_WARN_SUSPICIOUS_MOVE = YES;
				CLANG_WARN_UNGUARDED_AVAILABILITY = YES_AGGRESSIVE;
				CLANG_WARN_UNREACHABLE_CODE = YES;
				CLANG_WARN__DUPLICATE_METHOD_MATCH = YES;
				CODE_SIGN_IDENTITY = "iPhone Developer";
				COPY_PHASE_STRIP = NO;
				DEBUG_INFORMATION_FORMAT = "dwarf-with-dsym";
				ENABLE_NS_ASSERTIONS = NO;
				ENABLE_STRICT_OBJC_MSGSEND = YES;
				GCC_C_LANGUAGE_STANDARD = gnu11;
				GCC_NO_COMMON_BLOCKS = YES;
				GCC_WARN_64_TO_32_BIT_CONVERSION = YES;
				GCC_WARN_ABOUT_RETURN_TYPE = YES_ERROR;
				GCC_WARN_UNDECLARED_SELECTOR = YES;
				GCC_WARN_UNINITIALIZED_AUTOS = YES_AGGRESSIVE;
				GCC_WARN_UNUSED_FUNCTION = YES;
				GCC_WARN_UNUSED_VARIABLE = YES;
				IPHONEOS_DEPLOYMENT_TARGET = 11.2;
				MTL_ENABLE_DEBUG_INFO = NO;
				SDKROOT = iphoneos;
				VALIDATE_PRODUCT = YES;
			};
			name = Release;
		};
		CBB63504205EA7CB00340E97 /* Debug */ = {
			isa = XCBuildConfiguration;
			baseConfigurationReference = F0129ECE48B3056FBB1A1E20 /* Pods-Platform.debug.xcconfig */;
			buildSettings = {
				CLANG_ENABLE_MODULES = YES;
				CODE_SIGN_STYLE = Automatic;
				DEFINES_MODULE = YES;
				LD_RUNPATH_SEARCH_PATHS = "$(inherited) @executable_path/Frameworks @loader_path/Frameworks";
				PRODUCT_NAME = "$(TARGET_NAME)";
				SKIP_INSTALL = YES;
				SWIFT_OPTIMIZATION_LEVEL = "-Onone";
				SWIFT_VERSION = 3.0;
				TARGETED_DEVICE_FAMILY = "1,2";
			};
			name = Debug;
		};
		CBB63505205EA7CB00340E97 /* Release */ = {
			isa = XCBuildConfiguration;
			baseConfigurationReference = 3FC81E808766D496FF8182D1 /* Pods-Platform.release.xcconfig */;
			buildSettings = {
				CLANG_ENABLE_MODULES = YES;
				CODE_SIGN_STYLE = Automatic;
				DEFINES_MODULE = YES;
				LD_RUNPATH_SEARCH_PATHS = "$(inherited) @executable_path/Frameworks @loader_path/Frameworks";
				PRODUCT_NAME = "$(TARGET_NAME)";
				SKIP_INSTALL = YES;
				SWIFT_VERSION = 3.0;
				TARGETED_DEVICE_FAMILY = "1,2";
			};
			name = Release;
		};
		CBB63510205EA80B00340E97 /* Debug */ = {
			isa = XCBuildConfiguration;
			baseConfigurationReference = 95E692CFC7ABF440BC94B041 /* Pods-PlatformTestsSupport.debug.xcconfig */;
			buildSettings = {
				CLANG_ENABLE_MODULES = YES;
				CODE_SIGN_STYLE = Automatic;
				DEFINES_MODULE = YES;
				LD_RUNPATH_SEARCH_PATHS = "$(inherited) @executable_path/Frameworks @loader_path/Frameworks";
				PRODUCT_NAME = "$(TARGET_NAME)";
				SKIP_INSTALL = YES;
				SWIFT_OPTIMIZATION_LEVEL = "-Onone";
				SWIFT_VERSION = 3.0;
				TARGETED_DEVICE_FAMILY = "1,2";
			};
			name = Debug;
		};
		CBB63511205EA80B00340E97 /* Release */ = {
			isa = XCBuildConfiguration;
			baseConfigurationReference = 15F1A4DC38720BDC7C39299A /* Pods-PlatformTestsSupport.release.xcconfig */;
			buildSettings = {
				CLANG_ENABLE_MODULES = YES;
				CODE_SIGN_STYLE = Automatic;
				DEFINES_MODULE = YES;
				LD_RUNPATH_SEARCH_PATHS = "$(inherited) @executable_path/Frameworks @loader_path/Frameworks";
				PRODUCT_NAME = "$(TARGET_NAME)";
				SKIP_INSTALL = YES;
				SWIFT_VERSION = 3.0;
				TARGETED_DEVICE_FAMILY = "1,2";
			};
			name = Release;
		};
		CBB63520205EA81E00340E97 /* Debug */ = {
			isa = XCBuildConfiguration;
			baseConfigurationReference = D2483B25C81EC0314C1305F7 /* Pods-PlatformTests.debug.xcconfig */;
			buildSettings = {
				ALWAYS_EMBED_SWIFT_STANDARD_LIBRARIES = YES;
				CODE_SIGN_STYLE = Automatic;
				INFOPLIST_FILE = Tests/Info.plist;
				LD_RUNPATH_SEARCH_PATHS = "$(inherited) @executable_path/Frameworks @loader_path/Frameworks";
				PRODUCT_BUNDLE_IDENTIFIER = borlov.PlatformTests;
				PRODUCT_NAME = "$(TARGET_NAME)";
				SWIFT_ACTIVE_COMPILATION_CONDITIONS = DEBUG;
				SWIFT_OPTIMIZATION_LEVEL = "-Onone";
				SWIFT_VERSION = 4.0;
				TARGETED_DEVICE_FAMILY = "1,2";
			};
			name = Debug;
		};
		CBB63521205EA81E00340E97 /* Release */ = {
			isa = XCBuildConfiguration;
			baseConfigurationReference = 6EE055F28BD9833738BB81CA /* Pods-PlatformTests.release.xcconfig */;
			buildSettings = {
				ALWAYS_EMBED_SWIFT_STANDARD_LIBRARIES = YES;
				CODE_SIGN_STYLE = Automatic;
				INFOPLIST_FILE = Tests/Info.plist;
				LD_RUNPATH_SEARCH_PATHS = "$(inherited) @executable_path/Frameworks @loader_path/Frameworks";
				PRODUCT_BUNDLE_IDENTIFIER = borlov.PlatformTests;
				PRODUCT_NAME = "$(TARGET_NAME)";
				SWIFT_OPTIMIZATION_LEVEL = "-Owholemodule";
				SWIFT_VERSION = 4.0;
				TARGETED_DEVICE_FAMILY = "1,2";
			};
			name = Release;
		};
/* End XCBuildConfiguration section */

/* Begin XCConfigurationList section */
		CBB634F5205EA7CB00340E97 /* Build configuration list for PBXProject "Platform" */ = {
			isa = XCConfigurationList;
			buildConfigurations = (
				CBB63501205EA7CB00340E97 /* Debug */,
				CBB63502205EA7CB00340E97 /* Release */,
			);
			defaultConfigurationIsVisible = 0;
			defaultConfigurationName = Release;
		};
		CBB63503205EA7CB00340E97 /* Build configuration list for PBXNativeTarget "Platform" */ = {
			isa = XCConfigurationList;
			buildConfigurations = (
				CBB63504205EA7CB00340E97 /* Debug */,
				CBB63505205EA7CB00340E97 /* Release */,
			);
			defaultConfigurationIsVisible = 0;
			defaultConfigurationName = Release;
		};
		CBB63512205EA80B00340E97 /* Build configuration list for PBXNativeTarget "PlatformTestsSupport" */ = {
			isa = XCConfigurationList;
			buildConfigurations = (
				CBB63510205EA80B00340E97 /* Debug */,
				CBB63511205EA80B00340E97 /* Release */,
			);
			defaultConfigurationIsVisible = 0;
			defaultConfigurationName = Release;
		};
		CBB6351F205EA81E00340E97 /* Build configuration list for PBXNativeTarget "PlatformTests" */ = {
			isa = XCConfigurationList;
			buildConfigurations = (
				CBB63520205EA81E00340E97 /* Debug */,
				CBB63521205EA81E00340E97 /* Release */,
			);
			defaultConfigurationIsVisible = 0;
			defaultConfigurationName = Release;
		};
/* End XCConfigurationList section */
	};
	rootObject = CBB634F2205EA7CB00340E97 /* Project object */;
}
