// !$*UTF8*$!
{
	archiveVersion = 1;
	classes = {
	};
	objectVersion = 48;
	objects = {

/* Begin PBXBuildFile section */
		CB49340E2067CD4D004C49EA /* CoreTests.swift in Sources */ = {isa = PBXBuildFile; fileRef = CB49340D2067CD4D004C49EA /* CoreTests.swift */; };
		CB4934172067CD63004C49EA /* CoreTestsSupport.swift in Sources */ = {isa = PBXBuildFile; fileRef = CB4934162067CD63004C49EA /* CoreTestsSupport.swift */; };
		CB4934192067CD94004C49EA /* Core.swift in Sources */ = {isa = PBXBuildFile; fileRef = CB4934182067CD94004C49EA /* Core.swift */; };
		CB49341B2067CEB8004C49EA /* libCoreTestsSupport.a in Frameworks */ = {isa = PBXBuildFile; fileRef = CB4933FE2067CD2D004C49EA /* libCoreTestsSupport.a */; };
		CB49341C2067CEBD004C49EA /* libCore.a in Frameworks */ = {isa = PBXBuildFile; fileRef = CB4933EE2067CD06004C49EA /* libCore.a */; };
/* End PBXBuildFile section */

/* Begin PBXContainerItemProxy section */
		CB4934112067CD4D004C49EA /* PBXContainerItemProxy */ = {
			isa = PBXContainerItemProxy;
			containerPortal = CB4933E62067CD06004C49EA /* Project object */;
			proxyType = 1;
			remoteGlobalIDString = CB4933ED2067CD06004C49EA;
			remoteInfo = Core;
		};
/* End PBXContainerItemProxy section */

/* Begin PBXCopyFilesBuildPhase section */
		CB4933EC2067CD06004C49EA /* CopyFiles */ = {
			isa = PBXCopyFilesBuildPhase;
			buildActionMask = 2147483647;
			dstPath = "include/$(PRODUCT_NAME)";
			dstSubfolderSpec = 16;
			files = (
			);
			runOnlyForDeploymentPostprocessing = 0;
		};
		CB4933FC2067CD2D004C49EA /* CopyFiles */ = {
			isa = PBXCopyFilesBuildPhase;
			buildActionMask = 2147483647;
			dstPath = "include/$(PRODUCT_NAME)";
			dstSubfolderSpec = 16;
			files = (
			);
			runOnlyForDeploymentPostprocessing = 0;
		};
/* End PBXCopyFilesBuildPhase section */

/* Begin PBXFileReference section */
		CB4933EE2067CD06004C49EA /* libCore.a */ = {isa = PBXFileReference; explicitFileType = archive.ar; includeInIndex = 0; path = libCore.a; sourceTree = BUILT_PRODUCTS_DIR; };
		CB4933FE2067CD2D004C49EA /* libCoreTestsSupport.a */ = {isa = PBXFileReference; explicitFileType = archive.ar; includeInIndex = 0; path = libCoreTestsSupport.a; sourceTree = BUILT_PRODUCTS_DIR; };
		CB49340B2067CD4D004C49EA /* CoreTests.xctest */ = {isa = PBXFileReference; explicitFileType = wrapper.cfbundle; includeInIndex = 0; path = CoreTests.xctest; sourceTree = BUILT_PRODUCTS_DIR; };
		CB49340D2067CD4D004C49EA /* CoreTests.swift */ = {isa = PBXFileReference; lastKnownFileType = sourcecode.swift; path = CoreTests.swift; sourceTree = "<group>"; };
		CB49340F2067CD4D004C49EA /* Info.plist */ = {isa = PBXFileReference; lastKnownFileType = text.plist.xml; path = Info.plist; sourceTree = "<group>"; };
		CB4934162067CD63004C49EA /* CoreTestsSupport.swift */ = {isa = PBXFileReference; lastKnownFileType = sourcecode.swift; path = CoreTestsSupport.swift; sourceTree = "<group>"; };
		CB4934182067CD94004C49EA /* Core.swift */ = {isa = PBXFileReference; lastKnownFileType = sourcecode.swift; path = Core.swift; sourceTree = "<group>"; };
/* End PBXFileReference section */

/* Begin PBXFrameworksBuildPhase section */
		CB4933EB2067CD06004C49EA /* Frameworks */ = {
			isa = PBXFrameworksBuildPhase;
			buildActionMask = 2147483647;
			files = (
			);
			runOnlyForDeploymentPostprocessing = 0;
		};
		CB4933FB2067CD2D004C49EA /* Frameworks */ = {
			isa = PBXFrameworksBuildPhase;
			buildActionMask = 2147483647;
			files = (
				CB49341C2067CEBD004C49EA /* libCore.a in Frameworks */,
			);
			runOnlyForDeploymentPostprocessing = 0;
		};
		CB4934082067CD4D004C49EA /* Frameworks */ = {
			isa = PBXFrameworksBuildPhase;
			buildActionMask = 2147483647;
			files = (
				CB49341B2067CEB8004C49EA /* libCoreTestsSupport.a in Frameworks */,
			);
			runOnlyForDeploymentPostprocessing = 0;
		};
/* End PBXFrameworksBuildPhase section */

/* Begin PBXGroup section */
		CB4933E52067CD06004C49EA = {
			isa = PBXGroup;
			children = (
				CB4933F02067CD06004C49EA /* Sources */,
				CB4933FF2067CD2D004C49EA /* TestsSupport */,
				CB49340C2067CD4D004C49EA /* Tests */,
				CB4933EF2067CD06004C49EA /* Products */,
				CB49341A2067CEB8004C49EA /* Frameworks */,
			);
			sourceTree = "<group>";
		};
		CB4933EF2067CD06004C49EA /* Products */ = {
			isa = PBXGroup;
			children = (
				CB4933EE2067CD06004C49EA /* libCore.a */,
				CB4933FE2067CD2D004C49EA /* libCoreTestsSupport.a */,
				CB49340B2067CD4D004C49EA /* CoreTests.xctest */,
			);
			name = Products;
			sourceTree = "<group>";
		};
		CB4933F02067CD06004C49EA /* Sources */ = {
			isa = PBXGroup;
			children = (
				CB4934182067CD94004C49EA /* Core.swift */,
			);
			path = Sources;
			sourceTree = "<group>";
		};
		CB4933FF2067CD2D004C49EA /* TestsSupport */ = {
			isa = PBXGroup;
			children = (
				CB4934162067CD63004C49EA /* CoreTestsSupport.swift */,
			);
			path = TestsSupport;
			sourceTree = "<group>";
		};
		CB49340C2067CD4D004C49EA /* Tests */ = {
			isa = PBXGroup;
			children = (
				CB49340D2067CD4D004C49EA /* CoreTests.swift */,
				CB49340F2067CD4D004C49EA /* Info.plist */,
			);
			path = Tests;
			sourceTree = "<group>";
		};
		CB49341A2067CEB8004C49EA /* Frameworks */ = {
			isa = PBXGroup;
			children = (
			);
			name = Frameworks;
			sourceTree = "<group>";
		};
/* End PBXGroup section */

/* Begin PBXNativeTarget section */
		CB4933ED2067CD06004C49EA /* Core */ = {
			isa = PBXNativeTarget;
			buildConfigurationList = CB4933F72067CD06004C49EA /* Build configuration list for PBXNativeTarget "Core" */;
			buildPhases = (
				CB4933EA2067CD06004C49EA /* Sources */,
				CB4933EB2067CD06004C49EA /* Frameworks */,
				CB4933EC2067CD06004C49EA /* CopyFiles */,
			);
			buildRules = (
			);
			dependencies = (
			);
			name = Core;
			productName = Core;
			productReference = CB4933EE2067CD06004C49EA /* libCore.a */;
			productType = "com.apple.product-type.library.static";
		};
		CB4933FD2067CD2D004C49EA /* CoreTestsSupport */ = {
			isa = PBXNativeTarget;
			buildConfigurationList = CB4934042067CD2D004C49EA /* Build configuration list for PBXNativeTarget "CoreTestsSupport" */;
			buildPhases = (
				CB4933FA2067CD2D004C49EA /* Sources */,
				CB4933FB2067CD2D004C49EA /* Frameworks */,
				CB4933FC2067CD2D004C49EA /* CopyFiles */,
			);
			buildRules = (
			);
			dependencies = (
			);
			name = CoreTestsSupport;
			productName = CoreTestsSupport;
			productReference = CB4933FE2067CD2D004C49EA /* libCoreTestsSupport.a */;
			productType = "com.apple.product-type.library.static";
		};
		CB49340A2067CD4D004C49EA /* CoreTests */ = {
			isa = PBXNativeTarget;
			buildConfigurationList = CB4934132067CD4D004C49EA /* Build configuration list for PBXNativeTarget "CoreTests" */;
			buildPhases = (
				CB4934072067CD4D004C49EA /* Sources */,
				CB4934082067CD4D004C49EA /* Frameworks */,
				CB4934092067CD4D004C49EA /* Resources */,
			);
			buildRules = (
			);
			dependencies = (
				CB4934122067CD4D004C49EA /* PBXTargetDependency */,
			);
			name = CoreTests;
			productName = CoreTests;
			productReference = CB49340B2067CD4D004C49EA /* CoreTests.xctest */;
			productType = "com.apple.product-type.bundle.unit-test";
		};
/* End PBXNativeTarget section */

/* Begin PBXProject section */
		CB4933E62067CD06004C49EA /* Project object */ = {
			isa = PBXProject;
			attributes = {
				LastSwiftUpdateCheck = 0920;
				LastUpgradeCheck = 0920;
				ORGANIZATIONNAME = "Bohdan Orlov";
				TargetAttributes = {
					CB4933ED2067CD06004C49EA = {
						CreatedOnToolsVersion = 9.2;
						LastSwiftMigration = 0920;
						ProvisioningStyle = Automatic;
					};
					CB4933FD2067CD2D004C49EA = {
						CreatedOnToolsVersion = 9.2;
						LastSwiftMigration = 0920;
						ProvisioningStyle = Automatic;
					};
					CB49340A2067CD4D004C49EA = {
						CreatedOnToolsVersion = 9.2;
						ProvisioningStyle = Automatic;
					};
				};
			};
			buildConfigurationList = CB4933E92067CD06004C49EA /* Build configuration list for PBXProject "Core" */;
			compatibilityVersion = "Xcode 8.0";
			developmentRegion = en;
			hasScannedForEncodings = 0;
			knownRegions = (
				en,
			);
			mainGroup = CB4933E52067CD06004C49EA;
			productRefGroup = CB4933EF2067CD06004C49EA /* Products */;
			projectDirPath = "";
			projectRoot = "";
			targets = (
				CB4933ED2067CD06004C49EA /* Core */,
				CB4933FD2067CD2D004C49EA /* CoreTestsSupport */,
				CB49340A2067CD4D004C49EA /* CoreTests */,
			);
		};
/* End PBXProject section */

/* Begin PBXResourcesBuildPhase section */
		CB4934092067CD4D004C49EA /* Resources */ = {
			isa = PBXResourcesBuildPhase;
			buildActionMask = 2147483647;
			files = (
			);
			runOnlyForDeploymentPostprocessing = 0;
		};
/* End PBXResourcesBuildPhase section */

/* Begin PBXSourcesBuildPhase section */
		CB4933EA2067CD06004C49EA /* Sources */ = {
			isa = PBXSourcesBuildPhase;
			buildActionMask = 2147483647;
			files = (
				CB4934192067CD94004C49EA /* Core.swift in Sources */,
			);
			runOnlyForDeploymentPostprocessing = 0;
		};
		CB4933FA2067CD2D004C49EA /* Sources */ = {
			isa = PBXSourcesBuildPhase;
			buildActionMask = 2147483647;
			files = (
				CB4934172067CD63004C49EA /* CoreTestsSupport.swift in Sources */,
			);
			runOnlyForDeploymentPostprocessing = 0;
		};
		CB4934072067CD4D004C49EA /* Sources */ = {
			isa = PBXSourcesBuildPhase;
			buildActionMask = 2147483647;
			files = (
				CB49340E2067CD4D004C49EA /* CoreTests.swift in Sources */,
			);
			runOnlyForDeploymentPostprocessing = 0;
		};
/* End PBXSourcesBuildPhase section */

/* Begin PBXTargetDependency section */
		CB4934122067CD4D004C49EA /* PBXTargetDependency */ = {
			isa = PBXTargetDependency;
			target = CB4933ED2067CD06004C49EA /* Core */;
			targetProxy = CB4934112067CD4D004C49EA /* PBXContainerItemProxy */;
		};
/* End PBXTargetDependency section */

/* Begin XCBuildConfiguration section */
		CB4933F52067CD06004C49EA /* Debug */ = {
			isa = XCBuildConfiguration;
			buildSettings = {
				ALWAYS_SEARCH_USER_PATHS = NO;
				CLANG_ANALYZER_NONNULL = YES;
				CLANG_ANALYZER_NUMBER_OBJECT_CONVERSION = YES_AGGRESSIVE;
				CLANG_CXX_LANGUAGE_STANDARD = "gnu++14";
				CLANG_CXX_LIBRARY = "libc++";
				CLANG_ENABLE_MODULES = YES;
				CLANG_ENABLE_OBJC_ARC = YES;
				CLANG_WARN_BLOCK_CAPTURE_AUTORELEASING = YES;
				CLANG_WARN_BOOL_CONVERSION = YES;
				CLANG_WARN_COMMA = YES;
				CLANG_WARN_CONSTANT_CONVERSION = YES;
				CLANG_WARN_DIRECT_OBJC_ISA_USAGE = YES_ERROR;
				CLANG_WARN_DOCUMENTATION_COMMENTS = YES;
				CLANG_WARN_EMPTY_BODY = YES;
				CLANG_WARN_ENUM_CONVERSION = YES;
				CLANG_WARN_INFINITE_RECURSION = YES;
				CLANG_WARN_INT_CONVERSION = YES;
				CLANG_WARN_NON_LITERAL_NULL_CONVERSION = YES;
				CLANG_WARN_OBJC_LITERAL_CONVERSION = YES;
				CLANG_WARN_OBJC_ROOT_CLASS = YES_ERROR;
				CLANG_WARN_RANGE_LOOP_ANALYSIS = YES;
				CLANG_WARN_STRICT_PROTOTYPES = YES;
				CLANG_WARN_SUSPICIOUS_MOVE = YES;
				CLANG_WARN_UNGUARDED_AVAILABILITY = YES_AGGRESSIVE;
				CLANG_WARN_UNREACHABLE_CODE = YES;
				CLANG_WARN__DUPLICATE_METHOD_MATCH = YES;
				CODE_SIGN_IDENTITY = "iPhone Developer";
				COPY_PHASE_STRIP = NO;
				DEBUG_INFORMATION_FORMAT = dwarf;
				ENABLE_STRICT_OBJC_MSGSEND = YES;
				ENABLE_TESTABILITY = YES;
				GCC_C_LANGUAGE_STANDARD = gnu11;
				GCC_DYNAMIC_NO_PIC = NO;
				GCC_NO_COMMON_BLOCKS = YES;
				GCC_OPTIMIZATION_LEVEL = 0;
				GCC_PREPROCESSOR_DEFINITIONS = (
					"DEBUG=1",
					"$(inherited)",
				);
				GCC_WARN_64_TO_32_BIT_CONVERSION = YES;
				GCC_WARN_ABOUT_RETURN_TYPE = YES_ERROR;
				GCC_WARN_UNDECLARED_SELECTOR = YES;
				GCC_WARN_UNINITIALIZED_AUTOS = YES_AGGRESSIVE;
				GCC_WARN_UNUSED_FUNCTION = YES;
				GCC_WARN_UNUSED_VARIABLE = YES;
				IPHONEOS_DEPLOYMENT_TARGET = 11.2;
				MTL_ENABLE_DEBUG_INFO = YES;
				ONLY_ACTIVE_ARCH = YES;
				SDKROOT = iphoneos;
			};
			name = Debug;
		};
		CB4933F62067CD06004C49EA /* Release */ = {
			isa = XCBuildConfiguration;
			buildSettings = {
				ALWAYS_SEARCH_USER_PATHS = NO;
				CLANG_ANALYZER_NONNULL = YES;
				CLANG_ANALYZER_NUMBER_OBJECT_CONVERSION = YES_AGGRESSIVE;
				CLANG_CXX_LANGUAGE_STANDARD = "gnu++14";
				CLANG_CXX_LIBRARY = "libc++";
				CLANG_ENABLE_MODULES = YES;
				CLANG_ENABLE_OBJC_ARC = YES;
				CLANG_WARN_BLOCK_CAPTURE_AUTORELEASING = YES;
				CLANG_WARN_BOOL_CONVERSION = YES;
				CLANG_WARN_COMMA = YES;
				CLANG_WARN_CONSTANT_CONVERSION = YES;
				CLANG_WARN_DIRECT_OBJC_ISA_USAGE = YES_ERROR;
				CLANG_WARN_DOCUMENTATION_COMMENTS = YES;
				CLANG_WARN_EMPTY_BODY = YES;
				CLANG_WARN_ENUM_CONVERSION = YES;
				CLANG_WARN_INFINITE_RECURSION = YES;
				CLANG_WARN_INT_CONVERSION = YES;
				CLANG_WARN_NON_LITERAL_NULL_CONVERSION = YES;
				CLANG_WARN_OBJC_LITERAL_CONVERSION = YES;
				CLANG_WARN_OBJC_ROOT_CLASS = YES_ERROR;
				CLANG_WARN_RANGE_LOOP_ANALYSIS = YES;
				CLANG_WARN_STRICT_PROTOTYPES = YES;
				CLANG_WARN_SUSPICIOUS_MOVE = YES;
				CLANG_WARN_UNGUARDED_AVAILABILITY = YES_AGGRESSIVE;
				CLANG_WARN_UNREACHABLE_CODE = YES;
				CLANG_WARN__DUPLICATE_METHOD_MATCH = YES;
				CODE_SIGN_IDENTITY = "iPhone Developer";
				COPY_PHASE_STRIP = NO;
				DEBUG_INFORMATION_FORMAT = "dwarf-with-dsym";
				ENABLE_NS_ASSERTIONS = NO;
				ENABLE_STRICT_OBJC_MSGSEND = YES;
				GCC_C_LANGUAGE_STANDARD = gnu11;
				GCC_NO_COMMON_BLOCKS = YES;
				GCC_WARN_64_TO_32_BIT_CONVERSION = YES;
				GCC_WARN_ABOUT_RETURN_TYPE = YES_ERROR;
				GCC_WARN_UNDECLARED_SELECTOR = YES;
				GCC_WARN_UNINITIALIZED_AUTOS = YES_AGGRESSIVE;
				GCC_WARN_UNUSED_FUNCTION = YES;
				GCC_WARN_UNUSED_VARIABLE = YES;
				IPHONEOS_DEPLOYMENT_TARGET = 11.2;
				MTL_ENABLE_DEBUG_INFO = NO;
				SDKROOT = iphoneos;
				VALIDATE_PRODUCT = YES;
			};
			name = Release;
		};
		CB4933F82067CD06004C49EA /* Debug */ = {
			isa = XCBuildConfiguration;
			buildSettings = {
				CLANG_ENABLE_MODULES = YES;
				CODE_SIGN_STYLE = Automatic;
				DEFINES_MODULE = YES;
				LD_RUNPATH_SEARCH_PATHS = "$(inherited) @executable_path/Frameworks @loader_path/Frameworks";
				PRODUCT_NAME = "$(TARGET_NAME)";
				SKIP_INSTALL = YES;
				SWIFT_OPTIMIZATION_LEVEL = "-Onone";
				SWIFT_VERSION = 3.0;
				TARGETED_DEVICE_FAMILY = "1,2";
			};
			name = Debug;
		};
		CB4933F92067CD06004C49EA /* Release */ = {
			isa = XCBuildConfiguration;
			buildSettings = {
				CLANG_ENABLE_MODULES = YES;
				CODE_SIGN_STYLE = Automatic;
				DEFINES_MODULE = YES;
				LD_RUNPATH_SEARCH_PATHS = "$(inherited) @executable_path/Frameworks @loader_path/Frameworks";
				PRODUCT_NAME = "$(TARGET_NAME)";
				SKIP_INSTALL = YES;
				SWIFT_VERSION = 3.0;
				TARGETED_DEVICE_FAMILY = "1,2";
			};
			name = Release;
		};
		CB4934052067CD2D004C49EA /* Debug */ = {
			isa = XCBuildConfiguration;
			buildSettings = {
				CLANG_ENABLE_MODULES = YES;
				CODE_SIGN_STYLE = Automatic;
				DEFINES_MODULE = YES;
				LD_RUNPATH_SEARCH_PATHS = "$(inherited) @executable_path/Frameworks @loader_path/Frameworks";
				PRODUCT_NAME = "$(TARGET_NAME)";
				SKIP_INSTALL = YES;
				SWIFT_OPTIMIZATION_LEVEL = "-Onone";
				SWIFT_VERSION = 3.0;
				TARGETED_DEVICE_FAMILY = "1,2";
			};
			name = Debug;
		};
		CB4934062067CD2D004C49EA /* Release */ = {
			isa = XCBuildConfiguration;
			buildSettings = {
				CLANG_ENABLE_MODULES = YES;
				CODE_SIGN_STYLE = Automatic;
				DEFINES_MODULE = YES;
				LD_RUNPATH_SEARCH_PATHS = "$(inherited) @executable_path/Frameworks @loader_path/Frameworks";
				PRODUCT_NAME = "$(TARGET_NAME)";
				SKIP_INSTALL = YES;
				SWIFT_VERSION = 3.0;
				TARGETED_DEVICE_FAMILY = "1,2";
			};
			name = Release;
		};
		CB4934142067CD4D004C49EA /* Debug */ = {
			isa = XCBuildConfiguration;
			buildSettings = {
				ALWAYS_EMBED_SWIFT_STANDARD_LIBRARIES = YES;
				CODE_SIGN_STYLE = Automatic;
				INFOPLIST_FILE = Tests/Info.plist;
				LD_RUNPATH_SEARCH_PATHS = "$(inherited) @executable_path/Frameworks @loader_path/Frameworks";
				PRODUCT_BUNDLE_IDENTIFIER = borlov.CoreTests;
				PRODUCT_NAME = "$(TARGET_NAME)";
				SWIFT_ACTIVE_COMPILATION_CONDITIONS = DEBUG;
				SWIFT_OPTIMIZATION_LEVEL = "-Onone";
				SWIFT_VERSION = 4.0;
				TARGETED_DEVICE_FAMILY = "1,2";
			};
			name = Debug;
		};
		CB4934152067CD4D004C49EA /* Release */ = {
			isa = XCBuildConfiguration;
			buildSettings = {
				ALWAYS_EMBED_SWIFT_STANDARD_LIBRARIES = YES;
				CODE_SIGN_STYLE = Automatic;
				INFOPLIST_FILE = Tests/Info.plist;
				LD_RUNPATH_SEARCH_PATHS = "$(inherited) @executable_path/Frameworks @loader_path/Frameworks";
				PRODUCT_BUNDLE_IDENTIFIER = borlov.CoreTests;
				PRODUCT_NAME = "$(TARGET_NAME)";
				SWIFT_OPTIMIZATION_LEVEL = "-Owholemodule";
				SWIFT_VERSION = 4.0;
				TARGETED_DEVICE_FAMILY = "1,2";
			};
			name = Release;
		};
/* End XCBuildConfiguration section */

/* Begin XCConfigurationList section */
		CB4933E92067CD06004C49EA /* Build configuration list for PBXProject "Core" */ = {
			isa = XCConfigurationList;
			buildConfigurations = (
				CB4933F52067CD06004C49EA /* Debug */,
				CB4933F62067CD06004C49EA /* Release */,
			);
			defaultConfigurationIsVisible = 0;
			defaultConfigurationName = Release;
		};
		CB4933F72067CD06004C49EA /* Build configuration list for PBXNativeTarget "Core" */ = {
			isa = XCConfigurationList;
			buildConfigurations = (
				CB4933F82067CD06004C49EA /* Debug */,
				CB4933F92067CD06004C49EA /* Release */,
			);
			defaultConfigurationIsVisible = 0;
			defaultConfigurationName = Release;
		};
		CB4934042067CD2D004C49EA /* Build configuration list for PBXNativeTarget "CoreTestsSupport" */ = {
			isa = XCConfigurationList;
			buildConfigurations = (
				CB4934052067CD2D004C49EA /* Debug */,
				CB4934062067CD2D004C49EA /* Release */,
			);
			defaultConfigurationIsVisible = 0;
			defaultConfigurationName = Release;
		};
		CB4934132067CD4D004C49EA /* Build configuration list for PBXNativeTarget "CoreTests" */ = {
			isa = XCConfigurationList;
			buildConfigurations = (
				CB4934142067CD4D004C49EA /* Debug */,
				CB4934152067CD4D004C49EA /* Release */,
			);
			defaultConfigurationIsVisible = 0;
			defaultConfigurationName = Release;
		};
/* End XCConfigurationList section */
	};
	rootObject = CB4933E62067CD06004C49EA /* Project object */;
}
