// !$*UTF8*$!
{
	archiveVersion = 1;
	classes = {
	};
	objectVersion = 48;
	objects = {

/* Begin PBXBuildFile section */
		CB49341B2067CEB8004C49EA /* libCoreTestsSupport.a in Frameworks */ = {isa = PBXBuildFile; fileRef = CB4933FE2067CD2D004C49EA /* libCoreTestsSupport.a */; };
		CB49341C2067CEBD004C49EA /* libCore.a in Frameworks */ = {isa = PBXBuildFile; fileRef = CB4933EE2067CD06004C49EA /* libCore.a */; };
		CB872EC3207A42A4009BB548 /* AnyObject+Retain.swift in Sources */ = {isa = PBXBuildFile; fileRef = CB872EC2207A42A4009BB548 /* AnyObject+Retain.swift */; };
		CBCBBDF3207297BF009B1CDF /* KeyPathBuildable.swift in Sources */ = {isa = PBXBuildFile; fileRef = CBCBBDF2207297BF009B1CDF /* KeyPathBuildable.swift */; };
		CBCBBDFF2075685A009B1CDF /* UserDefault+Reset.swift in Sources */ = {isa = PBXBuildFile; fileRef = CBCBBDFE2075685A009B1CDF /* UserDefault+Reset.swift */; };
		CBEA6E892067D9CC0028D6FB /* Observable.swift in Sources */ = {isa = PBXBuildFile; fileRef = CBEA6E882067D9CC0028D6FB /* Observable.swift */; };
		CBEA6E902067EB8B0028D6FB /* Weakify.swift in Sources */ = {isa = PBXBuildFile; fileRef = CBEA6E8F2067EB8A0028D6FB /* Weakify.swift */; };
/* End PBXBuildFile section */

/* Begin PBXContainerItemProxy section */
		CB4934112067CD4D004C49EA /* PBXContainerItemProxy */ = {
			isa = PBXContainerItemProxy;
			containerPortal = CB4933E62067CD06004C49EA /* Project object */;
			proxyType = 1;
			remoteGlobalIDString = CB4933ED2067CD06004C49EA;
			remoteInfo = Core;
		};
/* End PBXContainerItemProxy section */

/* Begin PBXCopyFilesBuildPhase section */
		CB4933EC2067CD06004C49EA /* CopyFiles */ = {
			isa = PBXCopyFilesBuildPhase;
			buildActionMask = 2147483647;
			dstPath = "include/$(PRODUCT_NAME)";
			dstSubfolderSpec = 16;
			files = (
			);
			runOnlyForDeploymentPostprocessing = 0;
		};
		CB4933FC2067CD2D004C49EA /* CopyFiles */ = {
			isa = PBXCopyFilesBuildPhase;
			buildActionMask = 2147483647;
			dstPath = "include/$(PRODUCT_NAME)";
			dstSubfolderSpec = 16;
			files = (
			);
			runOnlyForDeploymentPostprocessing = 0;
		};
/* End PBXCopyFilesBuildPhase section */

/* Begin PBXFileReference section */
		CB4933EE2067CD06004C49EA /* libCore.a */ = {isa = PBXFileReference; explicitFileType = archive.ar; includeInIndex = 0; path = libCore.a; sourceTree = BUILT_PRODUCTS_DIR; };
		CB4933FE2067CD2D004C49EA /* libCoreTestsSupport.a */ = {isa = PBXFileReference; explicitFileType = archive.ar; includeInIndex = 0; path = libCoreTestsSupport.a; sourceTree = BUILT_PRODUCTS_DIR; };
		CB49340B2067CD4D004C49EA /* CoreTests.xctest */ = {isa = PBXFileReference; explicitFileType = wrapper.cfbundle; includeInIndex = 0; path = CoreTests.xctest; sourceTree = BUILT_PRODUCTS_DIR; };
		CB49340F2067CD4D004C49EA /* TestsInfo.plist */ = {isa = PBXFileReference; lastKnownFileType = text.plist.xml; path = TestsInfo.plist; sourceTree = "<group>"; };
		CB872EC2207A42A4009BB548 /* AnyObject+Retain.swift */ = {isa = PBXFileReference; lastKnownFileType = sourcecode.swift; path = "AnyObject+Retain.swift"; sourceTree = "<group>"; };
		CBCBBDF2207297BF009B1CDF /* KeyPathBuildable.swift */ = {isa = PBXFileReference; lastKnownFileType = sourcecode.swift; path = KeyPathBuildable.swift; sourceTree = "<group>"; };
		CBCBBDFE2075685A009B1CDF /* UserDefault+Reset.swift */ = {isa = PBXFileReference; fileEncoding = 4; lastKnownFileType = sourcecode.swift; path = "UserDefault+Reset.swift"; sourceTree = "<group>"; };
		CBEA6E882067D9CC0028D6FB /* Observable.swift */ = {isa = PBXFileReference; fileEncoding = 4; lastKnownFileType = sourcecode.swift; path = Observable.swift; sourceTree = "<group>"; };
		CBEA6E8F2067EB8A0028D6FB /* Weakify.swift */ = {isa = PBXFileReference; fileEncoding = 4; lastKnownFileType = sourcecode.swift; path = Weakify.swift; sourceTree = "<group>"; };
/* End PBXFileReference section */

/* Begin PBXFrameworksBuildPhase section */
		CB4933EB2067CD06004C49EA /* Frameworks */ = {
			isa = PBXFrameworksBuildPhase;
			buildActionMask = 2147483647;
			files = (
			);
			runOnlyForDeploymentPostprocessing = 0;
		};
		CB4933FB2067CD2D004C49EA /* Frameworks */ = {
			isa = PBXFrameworksBuildPhase;
			buildActionMask = 2147483647;
			files = (
				CB49341C2067CEBD004C49EA /* libCore.a in Frameworks */,
			);
			runOnlyForDeploymentPostprocessing = 0;
		};
		CB4934082067CD4D004C49EA /* Frameworks */ = {
			isa = PBXFrameworksBuildPhase;
			buildActionMask = 2147483647;
			files = (
				CB49341B2067CEB8004C49EA /* libCoreTestsSupport.a in Frameworks */,
			);
			runOnlyForDeploymentPostprocessing = 0;
		};
/* End PBXFrameworksBuildPhase section */

/* Begin PBXGroup section */
		CB4933E52067CD06004C49EA = {
			isa = PBXGroup;
			children = (
				CB4933F02067CD06004C49EA /* Sources */,
				CB49340C2067CD4D004C49EA /* Resources */,
				CB4933EF2067CD06004C49EA /* Products */,
				CB49341A2067CEB8004C49EA /* Frameworks */,
			);
			sourceTree = "<group>";
		};
		CB4933EF2067CD06004C49EA /* Products */ = {
			isa = PBXGroup;
			children = (
				CB4933EE2067CD06004C49EA /* libCore.a */,
				CB4933FE2067CD2D004C49EA /* libCoreTestsSupport.a */,
				CB49340B2067CD4D004C49EA /* CoreTests.xctest */,
			);
			name = Products;
			sourceTree = "<group>";
		};
		CB4933F02067CD06004C49EA /* Sources */ = {
			isa = PBXGroup;
			children = (
				CBCBBDFE2075685A009B1CDF /* UserDefault+Reset.swift */,
				CBCBBDF2207297BF009B1CDF /* KeyPathBuildable.swift */,
				CBEA6E8F2067EB8A0028D6FB /* Weakify.swift */,
				CBEA6E882067D9CC0028D6FB /* Observable.swift */,
				CB872EC2207A42A4009BB548 /* AnyObject+Retain.swift */,
			);
			path = Sources;
			sourceTree = "<group>";
		};
		CB49340C2067CD4D004C49EA /* Resources */ = {
			isa = PBXGroup;
			children = (
				CB49340F2067CD4D004C49EA /* TestsInfo.plist */,
			);
			path = Resources;
			sourceTree = "<group>";
		};
		CB49341A2067CEB8004C49EA /* Frameworks */ = {
			isa = PBXGroup;
			children = (
			);
			name = Frameworks;
			sourceTree = "<group>";
		};
/* End PBXGroup section */

/* Begin PBXNativeTarget section */
		CB4933ED2067CD06004C49EA /* Core */ = {
			isa = PBXNativeTarget;
			buildConfigurationList = CB4933F72067CD06004C49EA /* Build configuration list for PBXNativeTarget "Core" */;
			buildPhases = (
				CB4933EA2067CD06004C49EA /* Sources */,
				CB4933EB2067CD06004C49EA /* Frameworks */,
				CB4933EC2067CD06004C49EA /* CopyFiles */,
			);
			buildRules = (
			);
			dependencies = (
			);
			name = Core;
			productName = Core;
			productReference = CB4933EE2067CD06004C49EA /* libCore.a */;
			productType = "com.apple.product-type.library.static";
		};
		CB4933FD2067CD2D004C49EA /* CoreTestsSupport */ = {
			isa = PBXNativeTarget;
			buildConfigurationList = CB4934042067CD2D004C49EA /* Build configuration list for PBXNativeTarget "CoreTestsSupport" */;
			buildPhases = (
				CB4933FA2067CD2D004C49EA /* Sources */,
				CB4933FB2067CD2D004C49EA /* Frameworks */,
				CB4933FC2067CD2D004C49EA /* CopyFiles */,
			);
			buildRules = (
			);
			dependencies = (
			);
			name = CoreTestsSupport;
			productName = CoreTestsSupport;
			productReference = CB4933FE2067CD2D004C49EA /* libCoreTestsSupport.a */;
			productType = "com.apple.product-type.library.static";
		};
		CB49340A2067CD4D004C49EA /* CoreTests */ = {
			isa = PBXNativeTarget;
			buildConfigurationList = CB4934132067CD4D004C49EA /* Build configuration list for PBXNativeTarget "CoreTests" */;
			buildPhases = (
				CB4934072067CD4D004C49EA /* Sources */,
				CB4934082067CD4D004C49EA /* Frameworks */,
				CB4934092067CD4D004C49EA /* Resources */,
			);
			buildRules = (
			);
			dependencies = (
				CB4934122067CD4D004C49EA /* PBXTargetDependency */,
			);
			name = CoreTests;
			productName = CoreTests;
			productReference = CB49340B2067CD4D004C49EA /* CoreTests.xctest */;
			productType = "com.apple.product-type.bundle.unit-test";
		};
/* End PBXNativeTarget section */

/* Begin PBXProject section */
		CB4933E62067CD06004C49EA /* Project object */ = {
			isa = PBXProject;
			attributes = {
				LastSwiftUpdateCheck = 0920;
				LastUpgradeCheck = 0920;
				ORGANIZATIONNAME = "Bohdan Orlov";
				TargetAttributes = {
					CB4933ED2067CD06004C49EA = {
						CreatedOnToolsVersion = 9.2;
						LastSwiftMigration = 0920;
						ProvisioningStyle = Automatic;
					};
					CB4933FD2067CD2D004C49EA = {
						CreatedOnToolsVersion = 9.2;
						LastSwiftMigration = 0920;
						ProvisioningStyle = Automatic;
					};
					CB49340A2067CD4D004C49EA = {
						CreatedOnToolsVersion = 9.2;
						ProvisioningStyle = Automatic;
					};
				};
			};
			buildConfigurationList = CB4933E92067CD06004C49EA /* Build configuration list for PBXProject "Core" */;
			compatibilityVersion = "Xcode 8.0";
			developmentRegion = en;
			hasScannedForEncodings = 0;
			knownRegions = (
				en,
			);
			mainGroup = CB4933E52067CD06004C49EA;
			productRefGroup = CB4933EF2067CD06004C49EA /* Products */;
			projectDirPath = "";
			projectRoot = "";
			targets = (
				CB4933ED2067CD06004C49EA /* Core */,
				CB4933FD2067CD2D004C49EA /* CoreTestsSupport */,
				CB49340A2067CD4D004C49EA /* CoreTests */,
			);
		};
/* End PBXProject section */

/* Begin PBXResourcesBuildPhase section */
		CB4934092067CD4D004C49EA /* Resources */ = {
			isa = PBXResourcesBuildPhase;
			buildActionMask = 2147483647;
			files = (
			);
			runOnlyForDeploymentPostprocessing = 0;
		};
/* End PBXResourcesBuildPhase section */

/* Begin PBXSourcesBuildPhase section */
		CB4933EA2067CD06004C49EA /* Sources */ = {
			isa = PBXSourcesBuildPhase;
			buildActionMask = 2147483647;
			files = (
				CBCBBDF3207297BF009B1CDF /* KeyPathBuildable.swift in Sources */,
				CB872EC3207A42A4009BB548 /* AnyObject+Retain.swift in Sources */,
				CBEA6E902067EB8B0028D6FB /* Weakify.swift in Sources */,
				CBEA6E892067D9CC0028D6FB /* Observable.swift in Sources */,
				CBCBBDFF2075685A009B1CDF /* UserDefault+Reset.swift in Sources */,
			);
			runOnlyForDeploymentPostprocessing = 0;
		};
		CB4933FA2067CD2D004C49EA /* Sources */ = {
			isa = PBXSourcesBuildPhase;
			buildActionMask = 2147483647;
			files = (
			);
			runOnlyForDeploymentPostprocessing = 0;
		};
		CB4934072067CD4D004C49EA /* Sources */ = {
			isa = PBXSourcesBuildPhase;
			buildActionMask = 2147483647;
			files = (
			);
			runOnlyForDeploymentPostprocessing = 0;
		};
/* End PBXSourcesBuildPhase section */

/* Begin PBXTargetDependency section */
		CB4934122067CD4D004C49EA /* PBXTargetDependency */ = {
			isa = PBXTargetDependency;
			target = CB4933ED2067CD06004C49EA /* Core */;
			targetProxy = CB4934112067CD4D004C49EA /* PBXContainerItemProxy */;
		};
/* End PBXTargetDependency section */

/* Begin XCBuildConfiguration section */
		CB4933F52067CD06004C49EA /* Debug */ = {
			isa = XCBuildConfiguration;
			buildSettings = {
				ALWAYS_SEARCH_USER_PATHS = NO;
				CLANG_ANALYZER_NONNULL = YES;
				CLANG_ANALYZER_NUMBER_OBJECT_CONVERSION = YES_AGGRESSIVE;
				CLANG_CXX_LANGUAGE_STANDARD = "gnu++14";
				CLANG_CXX_LIBRARY = "libc++";
				CLANG_ENABLE_MODULES = YES;
				CLANG_ENABLE_OBJC_ARC = YES;
				CLANG_WARN_BLOCK_CAPTURE_AUTORELEASING = YES;
				CLANG_WARN_BOOL_CONVERSION = YES;
				CLANG_WARN_COMMA = YES;
				CLANG_WARN_CONSTANT_CONVERSION = YES;
				CLANG_WARN_DIRECT_OBJC_ISA_USAGE = YES_ERROR;
				CLANG_WARN_DOCUMENTATION_COMMENTS = YES;
				CLANG_WARN_EMPTY_BODY = YES;
				CLANG_WARN_ENUM_CONVERSION = YES;
				CLANG_WARN_INFINITE_RECURSION = YES;
				CLANG_WARN_INT_CONVERSION = YES;
				CLANG_WARN_NON_LITERAL_NULL_CONVERSION = YES;
				CLANG_WARN_OBJC_LITERAL_CONVERSION = YES;
				CLANG_WARN_OBJC_ROOT_CLASS = YES_ERROR;
				CLANG_WARN_RANGE_LOOP_ANALYSIS = YES;
				CLANG_WARN_STRICT_PROTOTYPES = YES;
				CLANG_WARN_SUSPICIOUS_MOVE = YES;
				CLANG_WARN_UNGUARDED_AVAILABILITY = YES_AGGRESSIVE;
				CLANG_WARN_UNREACHABLE_CODE = YES;
				CLANG_WARN__DUPLICATE_METHOD_MATCH = YES;
				CODE_SIGN_IDENTITY = "iPhone Developer";
				COPY_PHASE_STRIP = NO;
				DEBUG_INFORMATION_FORMAT = dwarf;
				ENABLE_STRICT_OBJC_MSGSEND = YES;
				ENABLE_TESTABILITY = YES;
				GCC_C_LANGUAGE_STANDARD = gnu11;
				GCC_DYNAMIC_NO_PIC = NO;
				GCC_NO_COMMON_BLOCKS = YES;
				GCC_OPTIMIZATION_LEVEL = 0;
				GCC_PREPROCESSOR_DEFINITIONS = (
					"DEBUG=1",
					"$(inherited)",
				);
				GCC_WARN_64_TO_32_BIT_CONVERSION = YES;
				GCC_WARN_ABOUT_RETURN_TYPE = YES_ERROR;
				GCC_WARN_UNDECLARED_SELECTOR = YES;
				GCC_WARN_UNINITIALIZED_AUTOS = YES_AGGRESSIVE;
				GCC_WARN_UNUSED_FUNCTION = YES;
				GCC_WARN_UNUSED_VARIABLE = YES;
				IPHONEOS_DEPLOYMENT_TARGET = 11.2;
				MTL_ENABLE_DEBUG_INFO = YES;
				ONLY_ACTIVE_ARCH = YES;
				SDKROOT = iphoneos;
			};
			name = Debug;
		};
		CB4933F62067CD06004C49EA /* Release */ = {
			isa = XCBuildConfiguration;
			buildSettings = {
				ALWAYS_SEARCH_USER_PATHS = NO;
				CLANG_ANALYZER_NONNULL = YES;
				CLANG_ANALYZER_NUMBER_OBJECT_CONVERSION = YES_AGGRESSIVE;
				CLANG_CXX_LANGUAGE_STANDARD = "gnu++14";
				CLANG_CXX_LIBRARY = "libc++";
				CLANG_ENABLE_MODULES = YES;
				CLANG_ENABLE_OBJC_ARC = YES;
				CLANG_WARN_BLOCK_CAPTURE_AUTORELEASING = YES;
				CLANG_WARN_BOOL_CONVERSION = YES;
				CLANG_WARN_COMMA = YES;
				CLANG_WARN_CONSTANT_CONVERSION = YES;
				CLANG_WARN_DIRECT_OBJC_ISA_USAGE = YES_ERROR;
				CLANG_WARN_DOCUMENTATION_COMMENTS = YES;
				CLANG_WARN_EMPTY_BODY = YES;
				CLANG_WARN_ENUM_CONVERSION = YES;
				CLANG_WARN_INFINITE_RECURSION = YES;
				CLANG_WARN_INT_CONVERSION = YES;
				CLANG_WARN_NON_LITERAL_NULL_CONVERSION = YES;
				CLANG_WARN_OBJC_LITERAL_CONVERSION = YES;
				CLANG_WARN_OBJC_ROOT_CLASS = YES_ERROR;
				CLANG_WARN_RANGE_LOOP_ANALYSIS = YES;
				CLANG_WARN_STRICT_PROTOTYPES = YES;
				CLANG_WARN_SUSPICIOUS_MOVE = YES;
				CLANG_WARN_UNGUARDED_AVAILABILITY = YES_AGGRESSIVE;
				CLANG_WARN_UNREACHABLE_CODE = YES;
				CLANG_WARN__DUPLICATE_METHOD_MATCH = YES;
				CODE_SIGN_IDENTITY = "iPhone Developer";
				COPY_PHASE_STRIP = NO;
				DEBUG_INFORMATION_FORMAT = "dwarf-with-dsym";
				ENABLE_NS_ASSERTIONS = NO;
				ENABLE_STRICT_OBJC_MSGSEND = YES;
				GCC_C_LANGUAGE_STANDARD = gnu11;
				GCC_NO_COMMON_BLOCKS = YES;
				GCC_WARN_64_TO_32_BIT_CONVERSION = YES;
				GCC_WARN_ABOUT_RETURN_TYPE = YES_ERROR;
				GCC_WARN_UNDECLARED_SELECTOR = YES;
				GCC_WARN_UNINITIALIZED_AUTOS = YES_AGGRESSIVE;
				GCC_WARN_UNUSED_FUNCTION = YES;
				GCC_WARN_UNUSED_VARIABLE = YES;
				IPHONEOS_DEPLOYMENT_TARGET = 11.2;
				MTL_ENABLE_DEBUG_INFO = NO;
				SDKROOT = iphoneos;
				VALIDATE_PRODUCT = YES;
			};
			name = Release;
		};
		CB4933F82067CD06004C49EA /* Debug */ = {
			isa = XCBuildConfiguration;
			buildSettings = {
				CLANG_ENABLE_MODULES = YES;
				CODE_SIGN_STYLE = Automatic;
				DEFINES_MODULE = YES;
				LD_RUNPATH_SEARCH_PATHS = "$(inherited) @executable_path/Frameworks @loader_path/Frameworks";
				PRODUCT_NAME = "$(TARGET_NAME)";
				SKIP_INSTALL = YES;
				SWIFT_OPTIMIZATION_LEVEL = "-Onone";
				SWIFT_VERSION = 3.0;
				TARGETED_DEVICE_FAMILY = "1,2";
			};
			name = Debug;
		};
		CB4933F92067CD06004C49EA /* Release */ = {
			isa = XCBuildConfiguration;
			buildSettings = {
				CLANG_ENABLE_MODULES = YES;
				CODE_SIGN_STYLE = Automatic;
				DEFINES_MODULE = YES;
				LD_RUNPATH_SEARCH_PATHS = "$(inherited) @executable_path/Frameworks @loader_path/Frameworks";
				PRODUCT_NAME = "$(TARGET_NAME)";
				SKIP_INSTALL = YES;
				SWIFT_VERSION = 3.0;
				TARGETED_DEVICE_FAMILY = "1,2";
			};
			name = Release;
		};
		CB4934052067CD2D004C49EA /* Debug */ = {
			isa = XCBuildConfiguration;
			buildSettings = {
				CLANG_ENABLE_MODULES = YES;
				CODE_SIGN_STYLE = Automatic;
				DEFINES_MODULE = YES;
				LD_RUNPATH_SEARCH_PATHS = "$(inherited) @executable_path/Frameworks @loader_path/Frameworks";
				PRODUCT_NAME = "$(TARGET_NAME)";
				SKIP_INSTALL = YES;
				SWIFT_OPTIMIZATION_LEVEL = "-Onone";
				SWIFT_VERSION = 3.0;
				TARGETED_DEVICE_FAMILY = "1,2";
			};
			name = Debug;
		};
		CB4934062067CD2D004C49EA /* Release */ = {
			isa = XCBuildConfiguration;
			buildSettings = {
				CLANG_ENABLE_MODULES = YES;
				CODE_SIGN_STYLE = Automatic;
				DEFINES_MODULE = YES;
				LD_RUNPATH_SEARCH_PATHS = "$(inherited) @executable_path/Frameworks @loader_path/Frameworks";
				PRODUCT_NAME = "$(TARGET_NAME)";
				SKIP_INSTALL = YES;
				SWIFT_VERSION = 3.0;
				TARGETED_DEVICE_FAMILY = "1,2";
			};
			name = Release;
		};
		CB4934142067CD4D004C49EA /* Debug */ = {
			isa = XCBuildConfiguration;
			buildSettings = {
				ALWAYS_EMBED_SWIFT_STANDARD_LIBRARIES = YES;
				CODE_SIGN_STYLE = Automatic;
				INFOPLIST_FILE = "$(SRCROOT)/Resources/TestsInfo.plist";
				LD_RUNPATH_SEARCH_PATHS = "$(inherited) @executable_path/Frameworks @loader_path/Frameworks";
				PRODUCT_BUNDLE_IDENTIFIER = borlov.CoreTests;
				PRODUCT_NAME = "$(TARGET_NAME)";
				SWIFT_ACTIVE_COMPILATION_CONDITIONS = DEBUG;
				SWIFT_OPTIMIZATION_LEVEL = "-Onone";
				SWIFT_VERSION = 4.0;
				TARGETED_DEVICE_FAMILY = "1,2";
			};
			name = Debug;
		};
		CB4934152067CD4D004C49EA /* Release */ = {
			isa = XCBuildConfiguration;
			buildSettings = {
				ALWAYS_EMBED_SWIFT_STANDARD_LIBRARIES = YES;
				CODE_SIGN_STYLE = Automatic;
				INFOPLIST_FILE = "$(SRCROOT)/Resources/TestsInfo.plist";
				LD_RUNPATH_SEARCH_PATHS = "$(inherited) @executable_path/Frameworks @loader_path/Frameworks";
				PRODUCT_BUNDLE_IDENTIFIER = borlov.CoreTests;
				PRODUCT_NAME = "$(TARGET_NAME)";
				SWIFT_OPTIMIZATION_LEVEL = "-Owholemodule";
				SWIFT_VERSION = 4.0;
				TARGETED_DEVICE_FAMILY = "1,2";
			};
			name = Release;
		};
/* End XCBuildConfiguration section */

/* Begin XCConfigurationList section */
		CB4933E92067CD06004C49EA /* Build configuration list for PBXProject "Core" */ = {
			isa = XCConfigurationList;
			buildConfigurations = (
				CB4933F52067CD06004C49EA /* Debug */,
				CB4933F62067CD06004C49EA /* Release */,
			);
			defaultConfigurationIsVisible = 0;
			defaultConfigurationName = Release;
		};
		CB4933F72067CD06004C49EA /* Build configuration list for PBXNativeTarget "Core" */ = {
			isa = XCConfigurationList;
			buildConfigurations = (
				CB4933F82067CD06004C49EA /* Debug */,
				CB4933F92067CD06004C49EA /* Release */,
			);
			defaultConfigurationIsVisible = 0;
			defaultConfigurationName = Release;
		};
		CB4934042067CD2D004C49EA /* Build configuration list for PBXNativeTarget "CoreTestsSupport" */ = {
			isa = XCConfigurationList;
			buildConfigurations = (
				CB4934052067CD2D004C49EA /* Debug */,
				CB4934062067CD2D004C49EA /* Release */,
			);
			defaultConfigurationIsVisible = 0;
			defaultConfigurationName = Release;
		};
		CB4934132067CD4D004C49EA /* Build configuration list for PBXNativeTarget "CoreTests" */ = {
			isa = XCConfigurationList;
			buildConfigurations = (
				CB4934142067CD4D004C49EA /* Debug */,
				CB4934152067CD4D004C49EA /* Release */,
			);
			defaultConfigurationIsVisible = 0;
			defaultConfigurationName = Release;
		};
/* End XCConfigurationList section */
	};
	rootObject = CB4933E62067CD06004C49EA /* Project object */;
}
