// !$*UTF8*$!
{
	archiveVersion = 1;
	classes = {
	};
	objectVersion = 48;
	objects = {

/* Begin PBXBuildFile section */
		25E5F42C93ED9DC9854B5938 /* Pods_BlogApp.framework in Frameworks */ = {isa = PBXBuildFile; fileRef = 033F4E255EC75A794320FA76 /* Pods_BlogApp.framework */; };
		CB03CA4D205DC12400DE0B91 /* libDomain.a in Frameworks */ = {isa = PBXBuildFile; fileRef = CB03CA4E205DC12400DE0B91 /* libDomain.a */; };
		CB6CCEFD205D8DD6006BD708 /* AppDelegate.swift in Sources */ = {isa = PBXBuildFile; fileRef = CB6CCEFC205D8DD6006BD708 /* AppDelegate.swift */; };
		CB6CCF04205D8DD6006BD708 /* Assets.xcassets in Resources */ = {isa = PBXBuildFile; fileRef = CB6CCF03205D8DD6006BD708 /* Assets.xcassets */; };
		CB6CCF07205D8DD6006BD708 /* LaunchScreen.storyboard in Resources */ = {isa = PBXBuildFile; fileRef = CB6CCF05205D8DD6006BD708 /* LaunchScreen.storyboard */; };
		CB6CCF5D205D9AE2006BD708 /* libUI.a in Frameworks */ = {isa = PBXBuildFile; fileRef = CB6CCF5E205D9AE2006BD708 /* libUI.a */; };
		CBB63552205EB58100340E97 /* libDomainTestsSupport.a in Frameworks */ = {isa = PBXBuildFile; fileRef = CBB63554205EB58100340E97 /* libDomainTestsSupport.a */; };
		CBB63557205EB5C000340E97 /* BlogAppTestsSupport.swift in Sources */ = {isa = PBXBuildFile; fileRef = CBB63556205EB5C000340E97 /* BlogAppTestsSupport.swift */; };
		CBB63559205EB6BF00340E97 /* BlogApp.swift in Sources */ = {isa = PBXBuildFile; fileRef = CBB63558205EB6BF00340E97 /* BlogApp.swift */; };
		CBB6355C205EB75200340E97 /* libUITestsSupport.a in Frameworks */ = {isa = PBXBuildFile; fileRef = CBB6355D205EB75200340E97 /* libUITestsSupport.a */; };
		CBC51BCF20698D8E0030C99C /* CommentsScreenFeature.swift in Sources */ = {isa = PBXBuildFile; fileRef = CBC51BCE20698D8E0030C99C /* CommentsScreenFeature.swift */; };
		CBCBBDC6206FE4D8009B1CDF /* UIFlow.swift in Sources */ = {isa = PBXBuildFile; fileRef = CBCBBDC5206FE4D8009B1CDF /* UIFlow.swift */; };
		CBCBBDC8206FE80A009B1CDF /* PushNotificationHandlingFlow.swift in Sources */ = {isa = PBXBuildFile; fileRef = CBCBBDC7206FE80A009B1CDF /* PushNotificationHandlingFlow.swift */; };
		CBCBBDCC206FFE46009B1CDF /* PushNotificationsLaunchers.swift in Sources */ = {isa = PBXBuildFile; fileRef = CBCBBDCB206FFE46009B1CDF /* PushNotificationsLaunchers.swift */; };
		CBCBBDDC207018D1009B1CDF /* BlogAppTests.swift in Sources */ = {isa = PBXBuildFile; fileRef = CBCBBDDB207018D1009B1CDF /* BlogAppTests.swift */; };
		CBCBBDE420701942009B1CDF /* libBlogAppTestsSupport.a in Frameworks */ = {isa = PBXBuildFile; fileRef = CBB63549205EB53100340E97 /* libBlogAppTestsSupport.a */; };
		CBCBBDE520701A9B009B1CDF /* PushNotificationHandlingFlowTests.swift in Sources */ = {isa = PBXBuildFile; fileRef = CBCBBDCD20700877009B1CDF /* PushNotificationHandlingFlowTests.swift */; };
		CBCBBDE720701D31009B1CDF /* ScreenLaunchers.swift in Sources */ = {isa = PBXBuildFile; fileRef = CBCBBDE620701D31009B1CDF /* ScreenLaunchers.swift */; };
		CBCBBDE920701F9B009B1CDF /* PresentationLaunchers.swift in Sources */ = {isa = PBXBuildFile; fileRef = CBCBBDE820701F9B009B1CDF /* PresentationLaunchers.swift */; };
		CBCBBDEB20702324009B1CDF /* ComponentLaunchers.swift in Sources */ = {isa = PBXBuildFile; fileRef = CBCBBDEA20702324009B1CDF /* ComponentLaunchers.swift */; };
		CBCBBDED207026B7009B1CDF /* ServiceFactories.swift in Sources */ = {isa = PBXBuildFile; fileRef = CBCBBDEC207026B7009B1CDF /* ServiceFactories.swift */; };
		CBCBBDEF207284C0009B1CDF /* db.json in Resources */ = {isa = PBXBuildFile; fileRef = CBCBBDEE207284C0009B1CDF /* db.json */; };
		CBCBBDF520729A54009B1CDF /* PostsViewController.swift in Sources */ = {isa = PBXBuildFile; fileRef = CBCBBDF420729A54009B1CDF /* PostsViewController.swift */; };
		CBEA6E6B2067D3C00028D6FB /* WindowFeature.swift in Sources */ = {isa = PBXBuildFile; fileRef = CBEA6E6A2067D3BF0028D6FB /* WindowFeature.swift */; };
		CBEA6E6E2067D4180028D6FB /* RootViewController.swift in Sources */ = {isa = PBXBuildFile; fileRef = CBEA6E6D2067D4180028D6FB /* RootViewController.swift */; };
		CBEA6E732067D4D50028D6FB /* NavigationBarFeature.swift in Sources */ = {isa = PBXBuildFile; fileRef = CBEA6E712067D4D50028D6FB /* NavigationBarFeature.swift */; };
		CBEA6E742067D4D50028D6FB /* TabBarFeature.swift in Sources */ = {isa = PBXBuildFile; fileRef = CBEA6E722067D4D50028D6FB /* TabBarFeature.swift */; };
		CBEA6E772067D5490028D6FB /* ViewPresenter.swift in Sources */ = {isa = PBXBuildFile; fileRef = CBEA6E762067D5490028D6FB /* ViewPresenter.swift */; };
		CBEA6E7B2067D62B0028D6FB /* PushNotificationButtonFeature.swift in Sources */ = {isa = PBXBuildFile; fileRef = CBEA6E792067D62B0028D6FB /* PushNotificationButtonFeature.swift */; };
		CBEA6E7C2067D62B0028D6FB /* RestartPushNotificationFeature.swift in Sources */ = {isa = PBXBuildFile; fileRef = CBEA6E7A2067D62B0028D6FB /* RestartPushNotificationFeature.swift */; };
		CBEA6E7F2067D6580028D6FB /* LoginScreenFeature.swift in Sources */ = {isa = PBXBuildFile; fileRef = CBEA6E7E2067D6580028D6FB /* LoginScreenFeature.swift */; };
		CBEA6E822067D66C0028D6FB /* LogoutButtonFeature.swift in Sources */ = {isa = PBXBuildFile; fileRef = CBEA6E812067D66C0028D6FB /* LogoutButtonFeature.swift */; };
		CBEA6E832067D8540028D6FB /* ViewControllerPresenter.swift in Sources */ = {isa = PBXBuildFile; fileRef = CBEA6E752067D4F20028D6FB /* ViewControllerPresenter.swift */; };
		CBEA6E8C2067DC660028D6FB /* WindowFrameFeature.swift in Sources */ = {isa = PBXBuildFile; fileRef = CBEA6E8B2067DC660028D6FB /* WindowFrameFeature.swift */; };
		CBEA6E8E2067DF570028D6FB /* MainFlow.swift in Sources */ = {isa = PBXBuildFile; fileRef = CBEA6E8D2067DF570028D6FB /* MainFlow.swift */; };
		CBEA6E9320680BB90028D6FB /* PostsScreenFeature.swift in Sources */ = {isa = PBXBuildFile; fileRef = CBEA6E9220680BB80028D6FB /* PostsScreenFeature.swift */; };
		CBEA6EA0206825040028D6FB /* NetworkService.swift in Sources */ = {isa = PBXBuildFile; fileRef = CBEA6E9F206825040028D6FB /* NetworkService.swift */; };
		F0A9F88CD1836FF633048211 /* Pods_BlogAppTestsSupport.framework in Frameworks */ = {isa = PBXBuildFile; fileRef = 7E0B066C05FD473FC6594FFC /* Pods_BlogAppTestsSupport.framework */; };
/* End PBXBuildFile section */

/* Begin PBXContainerItemProxy section */
		CBB6355A205EB72100340E97 /* PBXContainerItemProxy */ = {
			isa = PBXContainerItemProxy;
			containerPortal = CB6CCEF1205D8DD6006BD708 /* Project object */;
			proxyType = 1;
			remoteGlobalIDString = CB6CCEF8205D8DD6006BD708;
			remoteInfo = BlogApp;
		};
		CBCBBDDE207018D1009B1CDF /* PBXContainerItemProxy */ = {
			isa = PBXContainerItemProxy;
			containerPortal = CB6CCEF1205D8DD6006BD708 /* Project object */;
			proxyType = 1;
			remoteGlobalIDString = CB6CCEF8205D8DD6006BD708;
			remoteInfo = BlogApp;
		};
/* End PBXContainerItemProxy section */

/* Begin PBXCopyFilesBuildPhase section */
		CB03CA86205EA4AB00DE0B91 /* CopyFiles */ = {
			isa = PBXCopyFilesBuildPhase;
			buildActionMask = 2147483647;
			dstPath = "";
			dstSubfolderSpec = 10;
			files = (
			);
			runOnlyForDeploymentPostprocessing = 0;
		};
		CBB63547205EB53100340E97 /* CopyFiles */ = {
			isa = PBXCopyFilesBuildPhase;
			buildActionMask = 2147483647;
			dstPath = "include/$(PRODUCT_NAME)";
			dstSubfolderSpec = 16;
			files = (
			);
			runOnlyForDeploymentPostprocessing = 0;
		};
/* End PBXCopyFilesBuildPhase section */

/* Begin PBXFileReference section */
		033F4E255EC75A794320FA76 /* Pods_BlogApp.framework */ = {isa = PBXFileReference; explicitFileType = wrapper.framework; includeInIndex = 0; path = Pods_BlogApp.framework; sourceTree = BUILT_PRODUCTS_DIR; };
		0DD3CEAF603A93B548385A90 /* Pods_BlogAppTests.framework */ = {isa = PBXFileReference; explicitFileType = wrapper.framework; includeInIndex = 0; path = Pods_BlogAppTests.framework; sourceTree = BUILT_PRODUCTS_DIR; };
		7E0B066C05FD473FC6594FFC /* Pods_BlogAppTestsSupport.framework */ = {isa = PBXFileReference; explicitFileType = wrapper.framework; includeInIndex = 0; path = Pods_BlogAppTestsSupport.framework; sourceTree = BUILT_PRODUCTS_DIR; };
		B11037AC3054729313BB45AC /* Pods-BlogAppTestsSupport.debug.xcconfig */ = {isa = PBXFileReference; includeInIndex = 1; lastKnownFileType = text.xcconfig; name = "Pods-BlogAppTestsSupport.debug.xcconfig"; path = "../Pods/Target Support Files/Pods-BlogAppTestsSupport/Pods-BlogAppTestsSupport.debug.xcconfig"; sourceTree = "<group>"; };
		C3B8F7F2F14A25D9B6C9F29E /* Pods-BlogAppTests.debug.xcconfig */ = {isa = PBXFileReference; includeInIndex = 1; lastKnownFileType = text.xcconfig; name = "Pods-BlogAppTests.debug.xcconfig"; path = "../Pods/Target Support Files/Pods-BlogAppTests/Pods-BlogAppTests.debug.xcconfig"; sourceTree = "<group>"; };
		CB03CA22205DBBDD00DE0B91 /* libDomain.a */ = {isa = PBXFileReference; explicitFileType = archive.ar; path = libDomain.a; sourceTree = BUILT_PRODUCTS_DIR; };
		CB03CA24205DBC0D00DE0B91 /* libPods-DomainTestsSupport.a */ = {isa = PBXFileReference; explicitFileType = archive.ar; path = "libPods-DomainTestsSupport.a"; sourceTree = BUILT_PRODUCTS_DIR; };
		CB03CA26205DBC2B00DE0B91 /* libDomain.a */ = {isa = PBXFileReference; explicitFileType = archive.ar; path = libDomain.a; sourceTree = BUILT_PRODUCTS_DIR; };
		CB03CA35205DBFF200DE0B91 /* libDomain.a */ = {isa = PBXFileReference; explicitFileType = archive.ar; path = libDomain.a; sourceTree = BUILT_PRODUCTS_DIR; };
		CB03CA4E205DC12400DE0B91 /* libDomain.a */ = {isa = PBXFileReference; explicitFileType = archive.ar; path = libDomain.a; sourceTree = BUILT_PRODUCTS_DIR; };
		CB03CA6E205DC34A00DE0B91 /* libDomainTestsSupport.a */ = {isa = PBXFileReference; explicitFileType = archive.ar; path = libDomainTestsSupport.a; sourceTree = BUILT_PRODUCTS_DIR; };
		CB03CA70205DCAEA00DE0B91 /* Layoutless.framework */ = {isa = PBXFileReference; explicitFileType = wrapper.framework; path = Layoutless.framework; sourceTree = BUILT_PRODUCTS_DIR; };
		CB03CA72205DCAF400DE0B91 /* Layoutless.framework */ = {isa = PBXFileReference; explicitFileType = wrapper.framework; path = Layoutless.framework; sourceTree = BUILT_PRODUCTS_DIR; };
		CB03CA74205DCB0D00DE0B91 /* Pods_UI.framework */ = {isa = PBXFileReference; explicitFileType = wrapper.framework; path = Pods_UI.framework; sourceTree = BUILT_PRODUCTS_DIR; };
		CB03CA76205DD54000DE0B91 /* Layoutless.framework */ = {isa = PBXFileReference; explicitFileType = wrapper.framework; path = Layoutless.framework; sourceTree = BUILT_PRODUCTS_DIR; };
		CB03CA85205EA48B00DE0B91 /* Layoutless.framework */ = {isa = PBXFileReference; explicitFileType = wrapper.framework; path = Layoutless.framework; sourceTree = BUILT_PRODUCTS_DIR; };
		CB6CCEF9205D8DD6006BD708 /* BlogApp.app */ = {isa = PBXFileReference; explicitFileType = wrapper.application; includeInIndex = 0; path = BlogApp.app; sourceTree = BUILT_PRODUCTS_DIR; };
		CB6CCEFC205D8DD6006BD708 /* AppDelegate.swift */ = {isa = PBXFileReference; lastKnownFileType = sourcecode.swift; path = AppDelegate.swift; sourceTree = "<group>"; };
		CB6CCF03205D8DD6006BD708 /* Assets.xcassets */ = {isa = PBXFileReference; lastKnownFileType = folder.assetcatalog; path = Assets.xcassets; sourceTree = "<group>"; };
		CB6CCF06205D8DD6006BD708 /* Base */ = {isa = PBXFileReference; lastKnownFileType = file.storyboard; name = Base; path = Base.lproj/LaunchScreen.storyboard; sourceTree = "<group>"; };
		CB6CCF08205D8DD6006BD708 /* Info.plist */ = {isa = PBXFileReference; lastKnownFileType = text.plist.xml; path = Info.plist; sourceTree = "<group>"; };
		CB6CCF13205D8DD6006BD708 /* Info.plist */ = {isa = PBXFileReference; lastKnownFileType = text.plist.xml; path = Info.plist; sourceTree = "<group>"; };
		CB6CCF36205D96A2006BD708 /* libDomain.a */ = {isa = PBXFileReference; explicitFileType = archive.ar; path = libDomain.a; sourceTree = BUILT_PRODUCTS_DIR; };
		CB6CCF5E205D9AE2006BD708 /* libUI.a */ = {isa = PBXFileReference; explicitFileType = archive.ar; path = libUI.a; sourceTree = BUILT_PRODUCTS_DIR; };
		CB6CCF82205DA131006BD708 /* libDomainTestsSupport.a */ = {isa = PBXFileReference; explicitFileType = archive.ar; path = libDomainTestsSupport.a; sourceTree = BUILT_PRODUCTS_DIR; };
		CB6CCF84205DA14D006BD708 /* libDomain.a */ = {isa = PBXFileReference; explicitFileType = archive.ar; path = libDomain.a; sourceTree = BUILT_PRODUCTS_DIR; };
		CB6CCF86205DA386006BD708 /* libUI.a */ = {isa = PBXFileReference; explicitFileType = archive.ar; path = libUI.a; sourceTree = BUILT_PRODUCTS_DIR; };
		CBB63549205EB53100340E97 /* libBlogAppTestsSupport.a */ = {isa = PBXFileReference; explicitFileType = archive.ar; includeInIndex = 0; path = libBlogAppTestsSupport.a; sourceTree = BUILT_PRODUCTS_DIR; };
		CBB63554205EB58100340E97 /* libDomainTestsSupport.a */ = {isa = PBXFileReference; explicitFileType = archive.ar; path = libDomainTestsSupport.a; sourceTree = BUILT_PRODUCTS_DIR; };
		CBB63555205EB58100340E97 /* libPlatformTestsSupport.a */ = {isa = PBXFileReference; explicitFileType = archive.ar; path = libPlatformTestsSupport.a; sourceTree = BUILT_PRODUCTS_DIR; };
		CBB63556205EB5C000340E97 /* BlogAppTestsSupport.swift */ = {isa = PBXFileReference; lastKnownFileType = sourcecode.swift; path = BlogAppTestsSupport.swift; sourceTree = "<group>"; };
		CBB63558205EB6BF00340E97 /* BlogApp.swift */ = {isa = PBXFileReference; lastKnownFileType = sourcecode.swift; path = BlogApp.swift; sourceTree = "<group>"; };
		CBB6355D205EB75200340E97 /* libUITestsSupport.a */ = {isa = PBXFileReference; explicitFileType = archive.ar; path = libUITestsSupport.a; sourceTree = BUILT_PRODUCTS_DIR; };
		CBC51BCE20698D8E0030C99C /* CommentsScreenFeature.swift */ = {isa = PBXFileReference; lastKnownFileType = sourcecode.swift; path = CommentsScreenFeature.swift; sourceTree = "<group>"; };
		CBCBBDC5206FE4D8009B1CDF /* UIFlow.swift */ = {isa = PBXFileReference; lastKnownFileType = sourcecode.swift; path = UIFlow.swift; sourceTree = "<group>"; };
		CBCBBDC7206FE80A009B1CDF /* PushNotificationHandlingFlow.swift */ = {isa = PBXFileReference; lastKnownFileType = sourcecode.swift; path = PushNotificationHandlingFlow.swift; sourceTree = "<group>"; };
		CBCBBDCB206FFE46009B1CDF /* PushNotificationsLaunchers.swift */ = {isa = PBXFileReference; lastKnownFileType = sourcecode.swift; path = PushNotificationsLaunchers.swift; sourceTree = "<group>"; };
		CBCBBDCD20700877009B1CDF /* PushNotificationHandlingFlowTests.swift */ = {isa = PBXFileReference; lastKnownFileType = sourcecode.swift; path = PushNotificationHandlingFlowTests.swift; sourceTree = "<group>"; };
		CBCBBDD9207018D1009B1CDF /* BlogAppTests.xctest */ = {isa = PBXFileReference; explicitFileType = wrapper.cfbundle; includeInIndex = 0; path = BlogAppTests.xctest; sourceTree = BUILT_PRODUCTS_DIR; };
		CBCBBDDB207018D1009B1CDF /* BlogAppTests.swift */ = {isa = PBXFileReference; lastKnownFileType = sourcecode.swift; path = BlogAppTests.swift; sourceTree = "<group>"; };
		CBCBBDDD207018D1009B1CDF /* Info.plist */ = {isa = PBXFileReference; lastKnownFileType = text.plist.xml; path = Info.plist; sourceTree = "<group>"; };
		CBCBBDE620701D31009B1CDF /* ScreenLaunchers.swift */ = {isa = PBXFileReference; lastKnownFileType = sourcecode.swift; path = ScreenLaunchers.swift; sourceTree = "<group>"; };
		CBCBBDE820701F9B009B1CDF /* PresentationLaunchers.swift */ = {isa = PBXFileReference; lastKnownFileType = sourcecode.swift; path = PresentationLaunchers.swift; sourceTree = "<group>"; };
		CBCBBDEA20702324009B1CDF /* ComponentLaunchers.swift */ = {isa = PBXFileReference; lastKnownFileType = sourcecode.swift; path = ComponentLaunchers.swift; sourceTree = "<group>"; };
		CBCBBDEC207026B7009B1CDF /* ServiceFactories.swift */ = {isa = PBXFileReference; lastKnownFileType = sourcecode.swift; path = ServiceFactories.swift; sourceTree = "<group>"; };
		CBCBBDEE207284C0009B1CDF /* db.json */ = {isa = PBXFileReference; fileEncoding = 4; lastKnownFileType = text.json; path = db.json; sourceTree = "<group>"; };
		CBCBBDF420729A54009B1CDF /* PostsViewController.swift */ = {isa = PBXFileReference; lastKnownFileType = sourcecode.swift; path = PostsViewController.swift; sourceTree = "<group>"; };
		CBEA6E6A2067D3BF0028D6FB /* WindowFeature.swift */ = {isa = PBXFileReference; fileEncoding = 4; lastKnownFileType = sourcecode.swift; path = WindowFeature.swift; sourceTree = "<group>"; };
		CBEA6E6D2067D4180028D6FB /* RootViewController.swift */ = {isa = PBXFileReference; fileEncoding = 4; lastKnownFileType = sourcecode.swift; path = RootViewController.swift; sourceTree = "<group>"; };
		CBEA6E712067D4D50028D6FB /* NavigationBarFeature.swift */ = {isa = PBXFileReference; fileEncoding = 4; lastKnownFileType = sourcecode.swift; path = NavigationBarFeature.swift; sourceTree = "<group>"; };
		CBEA6E722067D4D50028D6FB /* TabBarFeature.swift */ = {isa = PBXFileReference; fileEncoding = 4; lastKnownFileType = sourcecode.swift; path = TabBarFeature.swift; sourceTree = "<group>"; };
		CBEA6E752067D4F20028D6FB /* ViewControllerPresenter.swift */ = {isa = PBXFileReference; lastKnownFileType = sourcecode.swift; path = ViewControllerPresenter.swift; sourceTree = "<group>"; };
		CBEA6E762067D5490028D6FB /* ViewPresenter.swift */ = {isa = PBXFileReference; fileEncoding = 4; lastKnownFileType = sourcecode.swift; path = ViewPresenter.swift; sourceTree = "<group>"; };
		CBEA6E792067D62B0028D6FB /* PushNotificationButtonFeature.swift */ = {isa = PBXFileReference; fileEncoding = 4; lastKnownFileType = sourcecode.swift; path = PushNotificationButtonFeature.swift; sourceTree = "<group>"; };
		CBEA6E7A2067D62B0028D6FB /* RestartPushNotificationFeature.swift */ = {isa = PBXFileReference; fileEncoding = 4; lastKnownFileType = sourcecode.swift; path = RestartPushNotificationFeature.swift; sourceTree = "<group>"; };
		CBEA6E7E2067D6580028D6FB /* LoginScreenFeature.swift */ = {isa = PBXFileReference; fileEncoding = 4; lastKnownFileType = sourcecode.swift; path = LoginScreenFeature.swift; sourceTree = "<group>"; };
		CBEA6E812067D66C0028D6FB /* LogoutButtonFeature.swift */ = {isa = PBXFileReference; fileEncoding = 4; lastKnownFileType = sourcecode.swift; path = LogoutButtonFeature.swift; sourceTree = "<group>"; };
		CBEA6E8B2067DC660028D6FB /* WindowFrameFeature.swift */ = {isa = PBXFileReference; lastKnownFileType = sourcecode.swift; path = WindowFrameFeature.swift; sourceTree = "<group>"; };
		CBEA6E8D2067DF570028D6FB /* MainFlow.swift */ = {isa = PBXFileReference; lastKnownFileType = sourcecode.swift; path = MainFlow.swift; sourceTree = "<group>"; };
		CBEA6E9220680BB80028D6FB /* PostsScreenFeature.swift */ = {isa = PBXFileReference; fileEncoding = 4; lastKnownFileType = sourcecode.swift; path = PostsScreenFeature.swift; sourceTree = "<group>"; };
		CBEA6E9F206825040028D6FB /* NetworkService.swift */ = {isa = PBXFileReference; lastKnownFileType = sourcecode.swift; path = NetworkService.swift; sourceTree = "<group>"; };
		DD80F59E96D1B2C883C3C3E8 /* Pods-BlogApp.debug.xcconfig */ = {isa = PBXFileReference; includeInIndex = 1; lastKnownFileType = text.xcconfig; name = "Pods-BlogApp.debug.xcconfig"; path = "../Pods/Target Support Files/Pods-BlogApp/Pods-BlogApp.debug.xcconfig"; sourceTree = "<group>"; };
/* End PBXFileReference section */

/* Begin PBXFrameworksBuildPhase section */
		CB6CCEF6205D8DD6006BD708 /* Frameworks */ = {
			isa = PBXFrameworksBuildPhase;
			buildActionMask = 2147483647;
			files = (
				CB03CA4D205DC12400DE0B91 /* libDomain.a in Frameworks */,
				CB6CCF5D205D9AE2006BD708 /* libUI.a in Frameworks */,
				25E5F42C93ED9DC9854B5938 /* Pods_BlogApp.framework in Frameworks */,
			);
			runOnlyForDeploymentPostprocessing = 0;
		};
		CBB63546205EB53100340E97 /* Frameworks */ = {
			isa = PBXFrameworksBuildPhase;
			buildActionMask = 2147483647;
			files = (
				CBB6355C205EB75200340E97 /* libUITestsSupport.a in Frameworks */,
				CBB63552205EB58100340E97 /* libDomainTestsSupport.a in Frameworks */,
				F0A9F88CD1836FF633048211 /* Pods_BlogAppTestsSupport.framework in Frameworks */,
			);
			runOnlyForDeploymentPostprocessing = 0;
		};
		CBCBBDD6207018D1009B1CDF /* Frameworks */ = {
			isa = PBXFrameworksBuildPhase;
			buildActionMask = 2147483647;
			files = (
				CBCBBDE420701942009B1CDF /* libBlogAppTestsSupport.a in Frameworks */,
			);
			runOnlyForDeploymentPostprocessing = 0;
		};
/* End PBXFrameworksBuildPhase section */

/* Begin PBXGroup section */
		2EFBBE7D137D01A8E070D3A7 /* Pods */ = {
			isa = PBXGroup;
			children = (
				DD80F59E96D1B2C883C3C3E8 /* Pods-BlogApp.debug.xcconfig */,
				C3B8F7F2F14A25D9B6C9F29E /* Pods-BlogAppTests.debug.xcconfig */,
				B11037AC3054729313BB45AC /* Pods-BlogAppTestsSupport.debug.xcconfig */,
			);
			name = Pods;
			sourceTree = "<group>";
		};
		CB6CCEF0205D8DD6006BD708 = {
			isa = PBXGroup;
			children = (
				CB6CCEFB205D8DD6006BD708 /* Sources */,
				CBB6354A205EB53100340E97 /* TestsSupport */,
				CB6CCF10205D8DD6006BD708 /* Tests */,
				CBEA6E9420681DDD0028D6FB /* Resources */,
				CBCBBDDA207018D1009B1CDF /* BlogAppTests */,
				CB6CCEFA205D8DD6006BD708 /* Products */,
				2EFBBE7D137D01A8E070D3A7 /* Pods */,
				D1E3D04EE93648498407CA6B /* Frameworks */,
			);
			sourceTree = "<group>";
		};
		CB6CCEFA205D8DD6006BD708 /* Products */ = {
			isa = PBXGroup;
			children = (
				CB6CCEF9205D8DD6006BD708 /* BlogApp.app */,
				CBB63549205EB53100340E97 /* libBlogAppTestsSupport.a */,
				CBCBBDD9207018D1009B1CDF /* BlogAppTests.xctest */,
			);
			name = Products;
			sourceTree = "<group>";
		};
		CB6CCEFB205D8DD6006BD708 /* Sources */ = {
			isa = PBXGroup;
			children = (
				CB6CCEFC205D8DD6006BD708 /* AppDelegate.swift */,
				CBCBBDC9206FE867009B1CDF /* Flows */,
				CBCBBDCA206FFCE5009B1CDF /* Launchers */,
				CBEA6E672067D33A0028D6FB /* Features */,
				CBEA6E6C2067D3E90028D6FB /* Navigation */,
				CBEA6E9E206824E60028D6FB /* UtilityServices */,
			);
			path = Sources;
			sourceTree = "<group>";
		};
		CB6CCF10205D8DD6006BD708 /* Tests */ = {
			isa = PBXGroup;
			children = (
				CBCBBDDB207018D1009B1CDF /* BlogAppTests.swift */,
				CB6CCF13205D8DD6006BD708 /* Info.plist */,
			);
			path = Tests;
			sourceTree = "<group>";
		};
		CBB6354A205EB53100340E97 /* TestsSupport */ = {
			isa = PBXGroup;
			children = (
				CBB63556205EB5C000340E97 /* BlogAppTestsSupport.swift */,
			);
			path = TestsSupport;
			sourceTree = "<group>";
		};
		CBC51BCB20698AD50030C99C /* Comments */ = {
			isa = PBXGroup;
			children = (
				CBC51BCE20698D8E0030C99C /* CommentsScreenFeature.swift */,
			);
			path = Comments;
			sourceTree = "<group>";
		};
		CBCBBDC9206FE867009B1CDF /* Flows */ = {
			isa = PBXGroup;
			children = (
				CBEA6E8D2067DF570028D6FB /* MainFlow.swift */,
				CBCBBDC5206FE4D8009B1CDF /* UIFlow.swift */,
				CBCBBDC7206FE80A009B1CDF /* PushNotificationHandlingFlow.swift */,
				CBCBBDCD20700877009B1CDF /* PushNotificationHandlingFlowTests.swift */,
			);
			path = Flows;
			sourceTree = "<group>";
		};
		CBCBBDCA206FFCE5009B1CDF /* Launchers */ = {
			isa = PBXGroup;
			children = (
				CBCBBDEC207026B7009B1CDF /* ServiceFactories.swift */,
				CBCBBDE820701F9B009B1CDF /* PresentationLaunchers.swift */,
				CBCBBDE620701D31009B1CDF /* ScreenLaunchers.swift */,
				CBCBBDEA20702324009B1CDF /* ComponentLaunchers.swift */,
				CBCBBDCB206FFE46009B1CDF /* PushNotificationsLaunchers.swift */,
			);
			path = Launchers;
			sourceTree = "<group>";
		};
		CBCBBDDA207018D1009B1CDF /* BlogAppTests */ = {
			isa = PBXGroup;
			children = (
				CBCBBDDD207018D1009B1CDF /* Info.plist */,
			);
			path = BlogAppTests;
			sourceTree = "<group>";
		};
		CBEA6E672067D33A0028D6FB /* Features */ = {
			isa = PBXGroup;
			children = (
				CBEA6E692067D37B0028D6FB /* Presentation */,
				CBEA6E7D2067D6470028D6FB /* Login */,
				CBEA6E9120680BA00028D6FB /* Posts */,
				CBC51BCB20698AD50030C99C /* Comments */,
				CBEA6E782067D5CB0028D6FB /* Push notifications */,
				CBEA6E802067D65F0028D6FB /* Logout */,
			);
			path = Features;
			sourceTree = "<group>";
		};
		CBEA6E692067D37B0028D6FB /* Presentation */ = {
			isa = PBXGroup;
			children = (
				CBEA6E8B2067DC660028D6FB /* WindowFrameFeature.swift */,
				CBEA6E6A2067D3BF0028D6FB /* WindowFeature.swift */,
				CBEA6E722067D4D50028D6FB /* TabBarFeature.swift */,
				CBEA6E712067D4D50028D6FB /* NavigationBarFeature.swift */,
			);
			path = Presentation;
			sourceTree = "<group>";
		};
		CBEA6E6C2067D3E90028D6FB /* Navigation */ = {
			isa = PBXGroup;
			children = (
				CBEA6E6D2067D4180028D6FB /* RootViewController.swift */,
				CBEA6E752067D4F20028D6FB /* ViewControllerPresenter.swift */,
				CBEA6E762067D5490028D6FB /* ViewPresenter.swift */,
			);
			path = Navigation;
			sourceTree = "<group>";
		};
		CBEA6E782067D5CB0028D6FB /* Push notifications */ = {
			isa = PBXGroup;
			children = (
				CBEA6E7A2067D62B0028D6FB /* RestartPushNotificationFeature.swift */,
				CBEA6E792067D62B0028D6FB /* PushNotificationButtonFeature.swift */,
			);
			path = "Push notifications";
			sourceTree = "<group>";
		};
		CBEA6E7D2067D6470028D6FB /* Login */ = {
			isa = PBXGroup;
			children = (
				CBEA6E7E2067D6580028D6FB /* LoginScreenFeature.swift */,
			);
			path = Login;
			sourceTree = "<group>";
		};
		CBEA6E802067D65F0028D6FB /* Logout */ = {
			isa = PBXGroup;
			children = (
				CBEA6E812067D66C0028D6FB /* LogoutButtonFeature.swift */,
			);
			path = Logout;
			sourceTree = "<group>";
		};
		CBEA6E9120680BA00028D6FB /* Posts */ = {
			isa = PBXGroup;
			children = (
				CBEA6E9220680BB80028D6FB /* PostsScreenFeature.swift */,
				CBCBBDF420729A54009B1CDF /* PostsViewController.swift */,
			);
			path = Posts;
			sourceTree = "<group>";
		};
		CBEA6E9420681DDD0028D6FB /* Resources */ = {
			isa = PBXGroup;
			children = (
				CBCBBDEE207284C0009B1CDF /* db.json */,
				CB6CCF03205D8DD6006BD708 /* Assets.xcassets */,
				CB6CCF05205D8DD6006BD708 /* LaunchScreen.storyboard */,
				CB6CCF08205D8DD6006BD708 /* Info.plist */,
			);
			path = Resources;
			sourceTree = "<group>";
		};
		CBEA6E9E206824E60028D6FB /* UtilityServices */ = {
			isa = PBXGroup;
			children = (
				CBEA6E9F206825040028D6FB /* NetworkService.swift */,
				CBB63558205EB6BF00340E97 /* BlogApp.swift */,
			);
			path = UtilityServices;
			sourceTree = "<group>";
		};
		D1E3D04EE93648498407CA6B /* Frameworks */ = {
			isa = PBXGroup;
			children = (
				CBB6355D205EB75200340E97 /* libUITestsSupport.a */,
				CBB63554205EB58100340E97 /* libDomainTestsSupport.a */,
				CBB63555205EB58100340E97 /* libPlatformTestsSupport.a */,
				CB03CA85205EA48B00DE0B91 /* Layoutless.framework */,
				CB03CA76205DD54000DE0B91 /* Layoutless.framework */,
				CB03CA74205DCB0D00DE0B91 /* Pods_UI.framework */,
				CB03CA72205DCAF400DE0B91 /* Layoutless.framework */,
				CB03CA70205DCAEA00DE0B91 /* Layoutless.framework */,
				CB03CA6E205DC34A00DE0B91 /* libDomainTestsSupport.a */,
				CB03CA4E205DC12400DE0B91 /* libDomain.a */,
				CB03CA35205DBFF200DE0B91 /* libDomain.a */,
				CB03CA26205DBC2B00DE0B91 /* libDomain.a */,
				CB03CA24205DBC0D00DE0B91 /* libPods-DomainTestsSupport.a */,
				CB03CA22205DBBDD00DE0B91 /* libDomain.a */,
				CB6CCF86205DA386006BD708 /* libUI.a */,
				CB6CCF84205DA14D006BD708 /* libDomain.a */,
				CB6CCF82205DA131006BD708 /* libDomainTestsSupport.a */,
				CB6CCF5E205D9AE2006BD708 /* libUI.a */,
				CB6CCF36205D96A2006BD708 /* libDomain.a */,
				033F4E255EC75A794320FA76 /* Pods_BlogApp.framework */,
				0DD3CEAF603A93B548385A90 /* Pods_BlogAppTests.framework */,
				7E0B066C05FD473FC6594FFC /* Pods_BlogAppTestsSupport.framework */,
			);
			name = Frameworks;
			sourceTree = "<group>";
		};
/* End PBXGroup section */

/* Begin PBXNativeTarget section */
		CB6CCEF8205D8DD6006BD708 /* BlogApp */ = {
			isa = PBXNativeTarget;
			buildConfigurationList = CB6CCF16205D8DD6006BD708 /* Build configuration list for PBXNativeTarget "BlogApp" */;
			buildPhases = (
				B43A547D4C6EB342EE9BC9E2 /* [CP] Check Pods Manifest.lock */,
				CB6CCEF5205D8DD6006BD708 /* Sources */,
				CB6CCEF6205D8DD6006BD708 /* Frameworks */,
				CB6CCEF7205D8DD6006BD708 /* Resources */,
				FEC191CBEEF97650E2ABC240 /* [CP] Embed Pods Frameworks */,
				15A6DD495282B2FB99CC1F0C /* [CP] Copy Pods Resources */,
				CB03CA86205EA4AB00DE0B91 /* CopyFiles */,
			);
			buildRules = (
			);
			dependencies = (
			);
			name = BlogApp;
			productName = BlogApp;
			productReference = CB6CCEF9205D8DD6006BD708 /* BlogApp.app */;
			productType = "com.apple.product-type.application";
		};
		CBB63548205EB53100340E97 /* BlogAppTestsSupport */ = {
			isa = PBXNativeTarget;
			buildConfigurationList = CBB63550205EB53100340E97 /* Build configuration list for PBXNativeTarget "BlogAppTestsSupport" */;
			buildPhases = (
				E1C09E9CCD609BB592B1389E /* [CP] Check Pods Manifest.lock */,
				CBB63545205EB53100340E97 /* Sources */,
				CBB63546205EB53100340E97 /* Frameworks */,
				CBB63547205EB53100340E97 /* CopyFiles */,
				4449350579A73B7A74C37AD8 /* [CP] Copy Pods Resources */,
			);
			buildRules = (
			);
			dependencies = (
				CBB6355B205EB72100340E97 /* PBXTargetDependency */,
			);
			name = BlogAppTestsSupport;
			productName = BlogAppTestsSupport;
			productReference = CBB63549205EB53100340E97 /* libBlogAppTestsSupport.a */;
			productType = "com.apple.product-type.library.static";
		};
		CBCBBDD8207018D1009B1CDF /* BlogAppTests */ = {
			isa = PBXNativeTarget;
			buildConfigurationList = CBCBBDE0207018D1009B1CDF /* Build configuration list for PBXNativeTarget "BlogAppTests" */;
			buildPhases = (
				CBCBBDD5207018D1009B1CDF /* Sources */,
				CBCBBDD6207018D1009B1CDF /* Frameworks */,
				CBCBBDD7207018D1009B1CDF /* Resources */,
			);
			buildRules = (
			);
			dependencies = (
				CBCBBDDF207018D1009B1CDF /* PBXTargetDependency */,
			);
			name = BlogAppTests;
			productName = BlogAppTests;
			productReference = CBCBBDD9207018D1009B1CDF /* BlogAppTests.xctest */;
			productType = "com.apple.product-type.bundle.unit-test";
		};
/* End PBXNativeTarget section */

/* Begin PBXProject section */
		CB6CCEF1205D8DD6006BD708 /* Project object */ = {
			isa = PBXProject;
			attributes = {
				LastSwiftUpdateCheck = 0920;
				LastUpgradeCheck = 0920;
				ORGANIZATIONNAME = "Bohdan Orlov";
				TargetAttributes = {
					CB6CCEF8205D8DD6006BD708 = {
						CreatedOnToolsVersion = 9.2;
						ProvisioningStyle = Automatic;
					};
					CBB63548205EB53100340E97 = {
						CreatedOnToolsVersion = 9.2;
						LastSwiftMigration = 0920;
						ProvisioningStyle = Automatic;
					};
					CBCBBDD8207018D1009B1CDF = {
						CreatedOnToolsVersion = 9.2;
						ProvisioningStyle = Automatic;
						TestTargetID = CB6CCEF8205D8DD6006BD708;
					};
				};
			};
			buildConfigurationList = CB6CCEF4205D8DD6006BD708 /* Build configuration list for PBXProject "BlogApp" */;
			compatibilityVersion = "Xcode 8.0";
			developmentRegion = en;
			hasScannedForEncodings = 0;
			knownRegions = (
				en,
				Base,
			);
			mainGroup = CB6CCEF0205D8DD6006BD708;
			productRefGroup = CB6CCEFA205D8DD6006BD708 /* Products */;
			projectDirPath = "";
			projectRoot = "";
			targets = (
				CB6CCEF8205D8DD6006BD708 /* BlogApp */,
				CBB63548205EB53100340E97 /* BlogAppTestsSupport */,
				CBCBBDD8207018D1009B1CDF /* BlogAppTests */,
			);
		};
/* End PBXProject section */

/* Begin PBXResourcesBuildPhase section */
		CB6CCEF7205D8DD6006BD708 /* Resources */ = {
			isa = PBXResourcesBuildPhase;
			buildActionMask = 2147483647;
			files = (
				CBCBBDEF207284C0009B1CDF /* db.json in Resources */,
				CB6CCF07205D8DD6006BD708 /* LaunchScreen.storyboard in Resources */,
				CB6CCF04205D8DD6006BD708 /* Assets.xcassets in Resources */,
			);
			runOnlyForDeploymentPostprocessing = 0;
		};
		CBCBBDD7207018D1009B1CDF /* Resources */ = {
			isa = PBXResourcesBuildPhase;
			buildActionMask = 2147483647;
			files = (
			);
			runOnlyForDeploymentPostprocessing = 0;
		};
/* End PBXResourcesBuildPhase section */

/* Begin PBXShellScriptBuildPhase section */
		15A6DD495282B2FB99CC1F0C /* [CP] Copy Pods Resources */ = {
			isa = PBXShellScriptBuildPhase;
			buildActionMask = 2147483647;
			files = (
			);
			inputPaths = (
			);
			name = "[CP] Copy Pods Resources";
			outputPaths = (
			);
			runOnlyForDeploymentPostprocessing = 0;
			shellPath = /bin/sh;
			shellScript = "\"${SRCROOT}/../Pods/Target Support Files/Pods-BlogApp/Pods-BlogApp-resources.sh\"\n";
			showEnvVarsInLog = 0;
		};
		4449350579A73B7A74C37AD8 /* [CP] Copy Pods Resources */ = {
			isa = PBXShellScriptBuildPhase;
			buildActionMask = 2147483647;
			files = (
			);
			inputPaths = (
			);
			name = "[CP] Copy Pods Resources";
			outputPaths = (
			);
			runOnlyForDeploymentPostprocessing = 0;
			shellPath = /bin/sh;
			shellScript = "\"${SRCROOT}/../Pods/Target Support Files/Pods-BlogAppTestsSupport/Pods-BlogAppTestsSupport-resources.sh\"\n";
			showEnvVarsInLog = 0;
		};
		B43A547D4C6EB342EE9BC9E2 /* [CP] Check Pods Manifest.lock */ = {
			isa = PBXShellScriptBuildPhase;
			buildActionMask = 2147483647;
			files = (
			);
			inputPaths = (
				"${PODS_PODFILE_DIR_PATH}/Podfile.lock",
				"${PODS_ROOT}/Manifest.lock",
			);
			name = "[CP] Check Pods Manifest.lock";
			outputPaths = (
				"$(DERIVED_FILE_DIR)/Pods-BlogApp-checkManifestLockResult.txt",
			);
			runOnlyForDeploymentPostprocessing = 0;
			shellPath = /bin/sh;
			shellScript = "diff \"${PODS_PODFILE_DIR_PATH}/Podfile.lock\" \"${PODS_ROOT}/Manifest.lock\" > /dev/null\nif [ $? != 0 ] ; then\n    # print error to STDERR\n    echo \"error: The sandbox is not in sync with the Podfile.lock. Run 'pod install' or update your CocoaPods installation.\" >&2\n    exit 1\nfi\n# This output is used by Xcode 'outputs' to avoid re-running this script phase.\necho \"SUCCESS\" > \"${SCRIPT_OUTPUT_FILE_0}\"\n";
			showEnvVarsInLog = 0;
		};
		E1C09E9CCD609BB592B1389E /* [CP] Check Pods Manifest.lock */ = {
			isa = PBXShellScriptBuildPhase;
			buildActionMask = 2147483647;
			files = (
			);
			inputPaths = (
				"${PODS_PODFILE_DIR_PATH}/Podfile.lock",
				"${PODS_ROOT}/Manifest.lock",
			);
			name = "[CP] Check Pods Manifest.lock";
			outputPaths = (
				"$(DERIVED_FILE_DIR)/Pods-BlogAppTestsSupport-checkManifestLockResult.txt",
			);
			runOnlyForDeploymentPostprocessing = 0;
			shellPath = /bin/sh;
			shellScript = "diff \"${PODS_PODFILE_DIR_PATH}/Podfile.lock\" \"${PODS_ROOT}/Manifest.lock\" > /dev/null\nif [ $? != 0 ] ; then\n    # print error to STDERR\n    echo \"error: The sandbox is not in sync with the Podfile.lock. Run 'pod install' or update your CocoaPods installation.\" >&2\n    exit 1\nfi\n# This output is used by Xcode 'outputs' to avoid re-running this script phase.\necho \"SUCCESS\" > \"${SCRIPT_OUTPUT_FILE_0}\"\n";
			showEnvVarsInLog = 0;
		};
		FEC191CBEEF97650E2ABC240 /* [CP] Embed Pods Frameworks */ = {
			isa = PBXShellScriptBuildPhase;
			buildActionMask = 2147483647;
			files = (
			);
			inputPaths = (
				"${SRCROOT}/../Pods/Target Support Files/Pods-BlogApp/Pods-BlogApp-frameworks.sh",
				"${BUILT_PRODUCTS_DIR}/Layoutless/Layoutless.framework",
			);
			name = "[CP] Embed Pods Frameworks";
			outputPaths = (
				"${TARGET_BUILD_DIR}/${FRAMEWORKS_FOLDER_PATH}/Layoutless.framework",
			);
			runOnlyForDeploymentPostprocessing = 0;
			shellPath = /bin/sh;
			shellScript = "\"${SRCROOT}/../Pods/Target Support Files/Pods-BlogApp/Pods-BlogApp-frameworks.sh\"\n";
			showEnvVarsInLog = 0;
		};
/* End PBXShellScriptBuildPhase section */

/* Begin PBXSourcesBuildPhase section */
		CB6CCEF5205D8DD6006BD708 /* Sources */ = {
			isa = PBXSourcesBuildPhase;
			buildActionMask = 2147483647;
			files = (
				CBCBBDCC206FFE46009B1CDF /* PushNotificationsLaunchers.swift in Sources */,
				CBEA6E732067D4D50028D6FB /* NavigationBarFeature.swift in Sources */,
				CBEA6E7F2067D6580028D6FB /* LoginScreenFeature.swift in Sources */,
				CBEA6E772067D5490028D6FB /* ViewPresenter.swift in Sources */,
				CBCBBDF520729A54009B1CDF /* PostsViewController.swift in Sources */,
				CBEA6E832067D8540028D6FB /* ViewControllerPresenter.swift in Sources */,
				CBCBBDE920701F9B009B1CDF /* PresentationLaunchers.swift in Sources */,
				CBEA6E8E2067DF570028D6FB /* MainFlow.swift in Sources */,
				CBEA6E6E2067D4180028D6FB /* RootViewController.swift in Sources */,
				CBEA6E742067D4D50028D6FB /* TabBarFeature.swift in Sources */,
				CBEA6E822067D66C0028D6FB /* LogoutButtonFeature.swift in Sources */,
				CBB63559205EB6BF00340E97 /* BlogApp.swift in Sources */,
				CBCBBDC8206FE80A009B1CDF /* PushNotificationHandlingFlow.swift in Sources */,
				CBCBBDEB20702324009B1CDF /* ComponentLaunchers.swift in Sources */,
				CBEA6E6B2067D3C00028D6FB /* WindowFeature.swift in Sources */,
				CBEA6EA0206825040028D6FB /* NetworkService.swift in Sources */,
				CBCBBDC6206FE4D8009B1CDF /* UIFlow.swift in Sources */,
				CBC51BCF20698D8E0030C99C /* CommentsScreenFeature.swift in Sources */,
				CBEA6E9320680BB90028D6FB /* PostsScreenFeature.swift in Sources */,
				CBEA6E8C2067DC660028D6FB /* WindowFrameFeature.swift in Sources */,
				CBCBBDE720701D31009B1CDF /* ScreenLaunchers.swift in Sources */,
				CB6CCEFD205D8DD6006BD708 /* AppDelegate.swift in Sources */,
				CBEA6E7C2067D62B0028D6FB /* RestartPushNotificationFeature.swift in Sources */,
				CBEA6E7B2067D62B0028D6FB /* PushNotificationButtonFeature.swift in Sources */,
				CBCBBDED207026B7009B1CDF /* ServiceFactories.swift in Sources */,
			);
			runOnlyForDeploymentPostprocessing = 0;
		};
		CBB63545205EB53100340E97 /* Sources */ = {
			isa = PBXSourcesBuildPhase;
			buildActionMask = 2147483647;
			files = (
				CBB63557205EB5C000340E97 /* BlogAppTestsSupport.swift in Sources */,
			);
			runOnlyForDeploymentPostprocessing = 0;
		};
		CBCBBDD5207018D1009B1CDF /* Sources */ = {
			isa = PBXSourcesBuildPhase;
			buildActionMask = 2147483647;
			files = (
				CBCBBDE520701A9B009B1CDF /* PushNotificationHandlingFlowTests.swift in Sources */,
				CBCBBDDC207018D1009B1CDF /* BlogAppTests.swift in Sources */,
			);
			runOnlyForDeploymentPostprocessing = 0;
		};
/* End PBXSourcesBuildPhase section */

/* Begin PBXTargetDependency section */
		CBB6355B205EB72100340E97 /* PBXTargetDependency */ = {
			isa = PBXTargetDependency;
			target = CB6CCEF8205D8DD6006BD708 /* BlogApp */;
			targetProxy = CBB6355A205EB72100340E97 /* PBXContainerItemProxy */;
		};
		CBCBBDDF207018D1009B1CDF /* PBXTargetDependency */ = {
			isa = PBXTargetDependency;
			target = CB6CCEF8205D8DD6006BD708 /* BlogApp */;
			targetProxy = CBCBBDDE207018D1009B1CDF /* PBXContainerItemProxy */;
		};
/* End PBXTargetDependency section */

/* Begin PBXVariantGroup section */
		CB6CCF05205D8DD6006BD708 /* LaunchScreen.storyboard */ = {
			isa = PBXVariantGroup;
			children = (
				CB6CCF06205D8DD6006BD708 /* Base */,
			);
			name = LaunchScreen.storyboard;
			sourceTree = "<group>";
		};
/* End PBXVariantGroup section */

/* Begin XCBuildConfiguration section */
		CB6CCF14205D8DD6006BD708 /* Debug */ = {
			isa = XCBuildConfiguration;
			buildSettings = {
				ALWAYS_SEARCH_USER_PATHS = NO;
				CLANG_ANALYZER_NONNULL = YES;
				CLANG_ANALYZER_NUMBER_OBJECT_CONVERSION = YES_AGGRESSIVE;
				CLANG_CXX_LANGUAGE_STANDARD = "gnu++14";
				CLANG_CXX_LIBRARY = "libc++";
				CLANG_ENABLE_MODULES = YES;
				CLANG_ENABLE_OBJC_ARC = YES;
				CLANG_WARN_BLOCK_CAPTURE_AUTORELEASING = YES;
				CLANG_WARN_BOOL_CONVERSION = YES;
				CLANG_WARN_COMMA = YES;
				CLANG_WARN_CONSTANT_CONVERSION = YES;
				CLANG_WARN_DIRECT_OBJC_ISA_USAGE = YES_ERROR;
				CLANG_WARN_DOCUMENTATION_COMMENTS = YES;
				CLANG_WARN_EMPTY_BODY = YES;
				CLANG_WARN_ENUM_CONVERSION = YES;
				CLANG_WARN_INFINITE_RECURSION = YES;
				CLANG_WARN_INT_CONVERSION = YES;
				CLANG_WARN_NON_LITERAL_NULL_CONVERSION = YES;
				CLANG_WARN_OBJC_LITERAL_CONVERSION = YES;
				CLANG_WARN_OBJC_ROOT_CLASS = YES_ERROR;
				CLANG_WARN_RANGE_LOOP_ANALYSIS = YES;
				CLANG_WARN_STRICT_PROTOTYPES = YES;
				CLANG_WARN_SUSPICIOUS_MOVE = YES;
				CLANG_WARN_UNGUARDED_AVAILABILITY = YES_AGGRESSIVE;
				CLANG_WARN_UNREACHABLE_CODE = YES;
				CLANG_WARN__DUPLICATE_METHOD_MATCH = YES;
				CODE_SIGN_IDENTITY = "iPhone Developer";
				COPY_PHASE_STRIP = NO;
				DEBUG_INFORMATION_FORMAT = dwarf;
				ENABLE_STRICT_OBJC_MSGSEND = YES;
				ENABLE_TESTABILITY = YES;
				GCC_C_LANGUAGE_STANDARD = gnu11;
				GCC_DYNAMIC_NO_PIC = NO;
				GCC_NO_COMMON_BLOCKS = YES;
				GCC_OPTIMIZATION_LEVEL = 0;
				GCC_PREPROCESSOR_DEFINITIONS = (
					"DEBUG=1",
					"$(inherited)",
				);
				GCC_WARN_64_TO_32_BIT_CONVERSION = YES;
				GCC_WARN_ABOUT_RETURN_TYPE = YES_ERROR;
				GCC_WARN_UNDECLARED_SELECTOR = YES;
				GCC_WARN_UNINITIALIZED_AUTOS = YES_AGGRESSIVE;
				GCC_WARN_UNUSED_FUNCTION = YES;
				GCC_WARN_UNUSED_VARIABLE = YES;
				IPHONEOS_DEPLOYMENT_TARGET = 11.2;
				MTL_ENABLE_DEBUG_INFO = YES;
				ONLY_ACTIVE_ARCH = YES;
				SDKROOT = iphoneos;
				SWIFT_ACTIVE_COMPILATION_CONDITIONS = DEBUG;
				SWIFT_OPTIMIZATION_LEVEL = "-Onone";
			};
			name = Debug;
		};
		CB6CCF17205D8DD6006BD708 /* Debug */ = {
			isa = XCBuildConfiguration;
			baseConfigurationReference = DD80F59E96D1B2C883C3C3E8 /* Pods-BlogApp.debug.xcconfig */;
			buildSettings = {
				ASSETCATALOG_COMPILER_APPICON_NAME = AppIcon;
				CODE_SIGN_STYLE = Automatic;
				GCC_SYMBOLS_PRIVATE_EXTERN = NO;
				INFOPLIST_FILE = "$(SRCROOT)/Resources/Info.plist";
				LD_RUNPATH_SEARCH_PATHS = "$(inherited) @executable_path/Frameworks";
				PRODUCT_BUNDLE_IDENTIFIER = borlov.BlogApp;
				PRODUCT_NAME = "$(TARGET_NAME)";
				SWIFT_VERSION = 4.0;
				TARGETED_DEVICE_FAMILY = "1,2";
			};
			name = Debug;
		};
		CBB6354F205EB53100340E97 /* Debug */ = {
			isa = XCBuildConfiguration;
			baseConfigurationReference = B11037AC3054729313BB45AC /* Pods-BlogAppTestsSupport.debug.xcconfig */;
			buildSettings = {
				CLANG_ENABLE_MODULES = YES;
				CODE_SIGN_STYLE = Automatic;
				DEFINES_MODULE = YES;
				LD_RUNPATH_SEARCH_PATHS = "$(inherited) @executable_path/Frameworks @loader_path/Frameworks";
				PRODUCT_NAME = "$(TARGET_NAME)";
				SKIP_INSTALL = YES;
				SWIFT_OPTIMIZATION_LEVEL = "-Onone";
				SWIFT_VERSION = 3.0;
				TARGETED_DEVICE_FAMILY = "1,2";
			};
			name = Debug;
		};
		CBCBBDD120701879009B1CDF /* Release */ = {
			isa = XCBuildConfiguration;
			buildSettings = {
				ALWAYS_SEARCH_USER_PATHS = NO;
				CLANG_ANALYZER_NONNULL = YES;
				CLANG_ANALYZER_NUMBER_OBJECT_CONVERSION = YES_AGGRESSIVE;
				CLANG_CXX_LANGUAGE_STANDARD = "gnu++14";
				CLANG_CXX_LIBRARY = "libc++";
				CLANG_ENABLE_MODULES = YES;
				CLANG_ENABLE_OBJC_ARC = YES;
				CLANG_WARN_BLOCK_CAPTURE_AUTORELEASING = YES;
				CLANG_WARN_BOOL_CONVERSION = YES;
				CLANG_WARN_COMMA = YES;
				CLANG_WARN_CONSTANT_CONVERSION = YES;
				CLANG_WARN_DIRECT_OBJC_ISA_USAGE = YES_ERROR;
				CLANG_WARN_DOCUMENTATION_COMMENTS = YES;
				CLANG_WARN_EMPTY_BODY = YES;
				CLANG_WARN_ENUM_CONVERSION = YES;
				CLANG_WARN_INFINITE_RECURSION = YES;
				CLANG_WARN_INT_CONVERSION = YES;
				CLANG_WARN_NON_LITERAL_NULL_CONVERSION = YES;
				CLANG_WARN_OBJC_LITERAL_CONVERSION = YES;
				CLANG_WARN_OBJC_ROOT_CLASS = YES_ERROR;
				CLANG_WARN_RANGE_LOOP_ANALYSIS = YES;
				CLANG_WARN_STRICT_PROTOTYPES = YES;
				CLANG_WARN_SUSPICIOUS_MOVE = YES;
				CLANG_WARN_UNGUARDED_AVAILABILITY = YES_AGGRESSIVE;
				CLANG_WARN_UNREACHABLE_CODE = YES;
				CLANG_WARN__DUPLICATE_METHOD_MATCH = YES;
				CODE_SIGN_IDENTITY = "iPhone Developer";
				COPY_PHASE_STRIP = NO;
				DEBUG_INFORMATION_FORMAT = dwarf;
				ENABLE_STRICT_OBJC_MSGSEND = YES;
				ENABLE_TESTABILITY = YES;
				GCC_C_LANGUAGE_STANDARD = gnu11;
				GCC_DYNAMIC_NO_PIC = NO;
				GCC_NO_COMMON_BLOCKS = YES;
				GCC_OPTIMIZATION_LEVEL = 0;
				GCC_PREPROCESSOR_DEFINITIONS = (
					"DEBUG=1",
					"$(inherited)",
				);
				GCC_WARN_64_TO_32_BIT_CONVERSION = YES;
				GCC_WARN_ABOUT_RETURN_TYPE = YES_ERROR;
				GCC_WARN_UNDECLARED_SELECTOR = YES;
				GCC_WARN_UNINITIALIZED_AUTOS = YES_AGGRESSIVE;
				GCC_WARN_UNUSED_FUNCTION = YES;
				GCC_WARN_UNUSED_VARIABLE = YES;
				IPHONEOS_DEPLOYMENT_TARGET = 11.2;
				MTL_ENABLE_DEBUG_INFO = YES;
				ONLY_ACTIVE_ARCH = YES;
				SDKROOT = iphoneos;
				SWIFT_ACTIVE_COMPILATION_CONDITIONS = DEBUG;
				SWIFT_OPTIMIZATION_LEVEL = "-Onone";
			};
			name = Release;
		};
		CBCBBDD220701879009B1CDF /* Release */ = {
			isa = XCBuildConfiguration;
			baseConfigurationReference = DD80F59E96D1B2C883C3C3E8 /* Pods-BlogApp.debug.xcconfig */;
			buildSettings = {
				ASSETCATALOG_COMPILER_APPICON_NAME = AppIcon;
				CODE_SIGN_STYLE = Automatic;
				GCC_SYMBOLS_PRIVATE_EXTERN = YES;
				INFOPLIST_FILE = "$(SRCROOT)/Resources/Info.plist";
				LD_RUNPATH_SEARCH_PATHS = "$(inherited) @executable_path/Frameworks";
				PRODUCT_BUNDLE_IDENTIFIER = borlov.BlogApp;
				PRODUCT_NAME = "$(TARGET_NAME)";
				SWIFT_VERSION = 4.0;
				TARGETED_DEVICE_FAMILY = "1,2";
			};
			name = Release;
		};
		CBCBBDD320701879009B1CDF /* Release */ = {
			isa = XCBuildConfiguration;
			baseConfigurationReference = B11037AC3054729313BB45AC /* Pods-BlogAppTestsSupport.debug.xcconfig */;
			buildSettings = {
				CLANG_ENABLE_MODULES = YES;
				CODE_SIGN_STYLE = Automatic;
				DEFINES_MODULE = YES;
				LD_RUNPATH_SEARCH_PATHS = "$(inherited) @executable_path/Frameworks @loader_path/Frameworks";
				PRODUCT_NAME = "$(TARGET_NAME)";
				SKIP_INSTALL = YES;
				SWIFT_OPTIMIZATION_LEVEL = "-Onone";
				SWIFT_VERSION = 3.0;
				TARGETED_DEVICE_FAMILY = "1,2";
			};
			name = Release;
		};
		CBCBBDE1207018D1009B1CDF /* Debug */ = {
			isa = XCBuildConfiguration;
			buildSettings = {
				BUNDLE_LOADER = "$(TEST_HOST)";
				CODE_SIGN_STYLE = Automatic;
				INFOPLIST_FILE = BlogAppTests/Info.plist;
				LD_RUNPATH_SEARCH_PATHS = "$(inherited) @executable_path/Frameworks @loader_path/Frameworks";
				PRODUCT_BUNDLE_IDENTIFIER = borlov.BlogAppTests;
				PRODUCT_NAME = "$(TARGET_NAME)";
				SWIFT_VERSION = 4.0;
				TARGETED_DEVICE_FAMILY = "1,2";
				TEST_HOST = "$(BUILT_PRODUCTS_DIR)/BlogApp.app/BlogApp";
			};
			name = Debug;
		};
		CBCBBDE2207018D1009B1CDF /* Release */ = {
			isa = XCBuildConfiguration;
			buildSettings = {
				BUNDLE_LOADER = "$(TEST_HOST)";
				CODE_SIGN_STYLE = Automatic;
				DEBUG_INFORMATION_FORMAT = "dwarf-with-dsym";
				ENABLE_NS_ASSERTIONS = NO;
				INFOPLIST_FILE = BlogAppTests/Info.plist;
				LD_RUNPATH_SEARCH_PATHS = "$(inherited) @executable_path/Frameworks @loader_path/Frameworks";
				MTL_ENABLE_DEBUG_INFO = NO;
				PRODUCT_BUNDLE_IDENTIFIER = borlov.BlogAppTests;
				PRODUCT_NAME = "$(TARGET_NAME)";
				SWIFT_OPTIMIZATION_LEVEL = "-Owholemodule";
				SWIFT_VERSION = 4.0;
				TARGETED_DEVICE_FAMILY = "1,2";
				TEST_HOST = "$(BUILT_PRODUCTS_DIR)/BlogApp.app/BlogApp";
				VALIDATE_PRODUCT = YES;
			};
			name = Release;
		};
/* End XCBuildConfiguration section */

/* Begin XCConfigurationList section */
		CB6CCEF4205D8DD6006BD708 /* Build configuration list for PBXProject "BlogApp" */ = {
			isa = XCConfigurationList;
			buildConfigurations = (
				CB6CCF14205D8DD6006BD708 /* Debug */,
				CBCBBDD120701879009B1CDF /* Release */,
			);
			defaultConfigurationIsVisible = 0;
			defaultConfigurationName = Debug;
		};
		CB6CCF16205D8DD6006BD708 /* Build configuration list for PBXNativeTarget "BlogApp" */ = {
			isa = XCConfigurationList;
			buildConfigurations = (
				CB6CCF17205D8DD6006BD708 /* Debug */,
				CBCBBDD220701879009B1CDF /* Release */,
			);
			defaultConfigurationIsVisible = 0;
			defaultConfigurationName = Debug;
		};
		CBB63550205EB53100340E97 /* Build configuration list for PBXNativeTarget "BlogAppTestsSupport" */ = {
			isa = XCConfigurationList;
			buildConfigurations = (
				CBB6354F205EB53100340E97 /* Debug */,
				CBCBBDD320701879009B1CDF /* Release */,
			);
			defaultConfigurationIsVisible = 0;
			defaultConfigurationName = Debug;
		};
		CBCBBDE0207018D1009B1CDF /* Build configuration list for PBXNativeTarget "BlogAppTests" */ = {
			isa = XCConfigurationList;
			buildConfigurations = (
				CBCBBDE1207018D1009B1CDF /* Debug */,
				CBCBBDE2207018D1009B1CDF /* Release */,
			);
			defaultConfigurationIsVisible = 0;
			defaultConfigurationName = Debug;
		};
/* End XCConfigurationList section */
	};
	rootObject = CB6CCEF1205D8DD6006BD708 /* Project object */;
}
